
Microsoft Visual Studio Solution File, Format Version 12.00
Project("{FAE04EC0-301F-11D3-BF4B-00C04F79EFBC}") = "AppHost", "backends\AppHost\AppHost.csproj", "{FF327366-ECAD-46CA-A355-7F8F05B754AF}"
EndProject
Project("{FAE04EC0-301F-11D3-BF4B-00C04F79EFBC}") = "ServiceDefaults", "backends\Contracts\ServiceDefaults\ServiceDefaults.csproj", "{5B4C1A23-E467-42C7-933A-3894453C25F8}"
EndProject
Project("{FAE04EC0-301F-11D3-BF4B-00C04F79EFBC}") = "REST", "backends\Gateways\REST\REST.csproj", "{71BF6E5F-B766-4538-8679-AB8F3A837691}"
EndProject
Project("{FAE04EC0-301F-11D3-BF4B-00C04F79EFBC}") = "IntegrationTests", "backends\Testing\IntegrationTests.csproj", "{52C783E8-0A28-4354-AEC4-8CC4D53237C9}"
EndProject
Project("{2150E333-8FDC-42A3-9474-1A3956D46DE8}") = "Contracts", "Contracts", "{9117C8D8-BDAA-4BE7-A5CC-8C3FA8E03757}"
EndProject
Project("{2150E333-8FDC-42A3-9474-1A3956D46DE8}") = "Gateways", "Gateways", "{9C8D599B-0BEC-47AC-AD6F-8D9739CD6600}"
EndProject
Global
	GlobalSection(SolutionConfigurationPlatforms) = preSolution
		Debug|Any CPU = Debug|Any CPU
		Release|Any CPU = Release|Any CPU
	EndGlobalSection
	GlobalSection(ProjectConfigurationPlatforms) = postSolution
		{FF327366-ECAD-46CA-A355-7F8F05B754AF}.Debug|Any CPU.ActiveCfg = Debug|Any CPU
		{FF327366-ECAD-46CA-A355-7F8F05B754AF}.Debug|Any CPU.Build.0 = Debug|Any CPU
		{FF327366-ECAD-46CA-A355-7F8F05B754AF}.Release|Any CPU.ActiveCfg = Release|Any CPU
		{FF327366-ECAD-46CA-A355-7F8F05B754AF}.Release|Any CPU.Build.0 = Release|Any CPU
		{5B4C1A23-E467-42C7-933A-3894453C25F8}.Debug|Any CPU.ActiveCfg = Debug|Any CPU
		{5B4C1A23-E467-42C7-933A-3894453C25F8}.Debug|Any CPU.Build.0 = Debug|Any CPU
		{5B4C1A23-E467-42C7-933A-3894453C25F8}.Release|Any CPU.ActiveCfg = Release|Any CPU
		{5B4C1A23-E467-42C7-933A-3894453C25F8}.Release|Any CPU.Build.0 = Release|Any CPU
		{71BF6E5F-B766-4538-8679-AB8F3A837691}.Debug|Any CPU.ActiveCfg = Debug|Any CPU
		{71BF6E5F-B766-4538-8679-AB8F3A837691}.Debug|Any CPU.Build.0 = Debug|Any CPU
		{71BF6E5F-B766-4538-8679-AB8F3A837691}.Release|Any CPU.ActiveCfg = Release|Any CPU
		{71BF6E5F-B766-4538-8679-AB8F3A837691}.Release|Any CPU.Build.0 = Release|Any CPU
		{52C783E8-0A28-4354-AEC4-8CC4D53237C9}.Debug|Any CPU.ActiveCfg = Debug|Any CPU
		{52C783E8-0A28-4354-AEC4-8CC4D53237C9}.Debug|Any CPU.Build.0 = Debug|Any CPU
		{52C783E8-0A28-4354-AEC4-8CC4D53237C9}.Release|Any CPU.ActiveCfg = Release|Any CPU
		{52C783E8-0A28-4354-AEC4-8CC4D53237C9}.Release|Any CPU.Build.0 = Release|Any CPU
	EndGlobalSection
	GlobalSection(NestedProjects) = preSolution
		{5B4C1A23-E467-42C7-933A-3894453C25F8} = {9117C8D8-BDAA-4BE7-A5CC-8C3FA8E03757}
		{71BF6E5F-B766-4538-8679-AB8F3A837691} = {9C8D599B-0BEC-47AC-AD6F-8D9739CD6600}
	EndGlobalSection
EndGlobal
