
Microsoft Visual Studio Solution File, Format Version 12.00
Project("{FAE04EC0-301F-11D3-BF4B-00C04F79EFBC}") = "ServiceDefaults", "backends\dotnet\shared\ServiceDefaults\ServiceDefaults.csproj", "{5B4C1A23-E467-42C7-933A-3894453C25F8}"
EndProject
Project("{FAE04EC0-301F-11D3-BF4B-00C04F79EFBC}") = "REST", "backends\dotnet\gateways\REST\REST.csproj", "{71BF6E5F-B766-4538-8679-AB8F3A837691}"
EndProject
Project("{2150E333-8FDC-42A3-9474-1A3956D46DE8}") = "Shared", "Shared", "{9117C8D8-BDAA-4BE7-A5CC-8C3FA8E03757}"
EndProject
Project("{2150E333-8FDC-42A3-9474-1A3956D46DE8}") = "Gateways", "Gateways", "{9C8D599B-0BEC-47AC-AD6F-8D9739CD6600}"
EndProject
Project("{FAE04EC0-301F-11D3-BF4B-00C04F79EFBC}") = "Utilities", "backends\dotnet\shared\Utilities\Utilities.csproj", "{128D424D-3BD8-42FF-BA2B-77A2795AD703}"
EndProject
Project("{2150E333-8FDC-42A3-9474-1A3956D46DE8}") = "Services", "Services", "{CB4FA97C-C310-4A0D-A2B6-F3FEF96D0144}"
EndProject
Project("{2150E333-8FDC-42A3-9474-1A3956D46DE8}") = "SolutionItems", "SolutionItems", "{C6AC4C7D-8095-401E-A44D-E6E05CD4F916}"
	ProjectSection(SolutionItems) = preProject
		CONTRIBUTING.md = CONTRIBUTING.md
		LICENSE.md = LICENSE.md
		README.md = README.md
		stylecop.json = stylecop.json
		Directory.Build.props = Directory.Build.props
		D2.sln.DotSettings = D2.sln.DotSettings
		.dockerignore = .dockerignore
		.editorconfig = .editorconfig
		NuGet.config = NuGet.config
		backends\BACKENDS.md = backends\BACKENDS.md
		CLAUDE.md = CLAUDE.md
		.env.local = .env.local
		.env.local.example = .env.local.example
	EndProjectSection
EndProject
Project("{2150E333-8FDC-42A3-9474-1A3956D46DE8}") = "Observability", "Observability", "{B46DEAC7-AC68-4CBB-B3C3-D9985C17BB3D}"
EndProject
Project("{2150E333-8FDC-42A3-9474-1A3956D46DE8}") = "Loki", "Loki", "{715DE28A-4990-4585-9C72-5DF09F05B05F}"
EndProject
Project("{2150E333-8FDC-42A3-9474-1A3956D46DE8}") = "Grafana", "Grafana", "{351EDC8E-73CA-42A5-8A9E-56F430091478}"
EndProject
Project("{2150E333-8FDC-42A3-9474-1A3956D46DE8}") = "Tempo", "Tempo", "{C82FA7F4-98DC-4366-8122-1040D686CBF2}"
EndProject
Project("{2150E333-8FDC-42A3-9474-1A3956D46DE8}") = "Mimir", "Mimir", "{AA27FE9C-D7D6-4261-9CE1-69DAF988D359}"
EndProject
Project("{2150E333-8FDC-42A3-9474-1A3956D46DE8}") = "Provisioning", "Provisioning", "{D31C4135-68AE-4DD6-AE56-D82537CAE753}"
EndProject
Project("{2150E333-8FDC-42A3-9474-1A3956D46DE8}") = "Config", "Config", "{5B5EDC4B-AC8C-4418-8564-EECF5BE1DB22}"
	ProjectSection(SolutionItems) = preProject
		observability\loki\config\loki.yaml = observability\loki\config\loki.yaml
	EndProjectSection
EndProject
Project("{2150E333-8FDC-42A3-9474-1A3956D46DE8}") = "Config", "Config", "{DE8EF225-5167-4E55-9CDC-3AB69D28B521}"
	ProjectSection(SolutionItems) = preProject
		observability\mimir\config\mimir.yaml = observability\mimir\config\mimir.yaml
	EndProjectSection
EndProject
Project("{2150E333-8FDC-42A3-9474-1A3956D46DE8}") = "Config", "Config", "{7F994A2F-1C9C-45D7-A182-77C2EC2A42AC}"
	ProjectSection(SolutionItems) = preProject
		observability\tempo\config\tempo.yaml = observability\tempo\config\tempo.yaml
	EndProjectSection
EndProject
Project("{2150E333-8FDC-42A3-9474-1A3956D46DE8}") = "Dashboards", "Dashboards", "{0841A0F5-EF28-47EA-9099-35999D6BDEFA}"
	ProjectSection(SolutionItems) = preProject
		observability\grafana\provisioning\dashboards\dashboards.yaml = observability\grafana\provisioning\dashboards\dashboards.yaml
	EndProjectSection
EndProject
Project("{2150E333-8FDC-42A3-9474-1A3956D46DE8}") = "Datasources", "Datasources", "{49C7F053-E93C-4A53-BE72-B318471CD937}"
	ProjectSection(SolutionItems) = preProject
		observability\grafana\provisioning\datasources\datasources.yaml = observability\grafana\provisioning\datasources\datasources.yaml
	EndProjectSection
EndProject
Project("{2150E333-8FDC-42A3-9474-1A3956D46DE8}") = "Alloy", "Alloy", "{AE50010E-DFA7-4483-A498-66A6A526A346}"
EndProject
Project("{2150E333-8FDC-42A3-9474-1A3956D46DE8}") = "Config", "Config", "{9243E903-B661-4888-AC39-51D9445FA86C}"
	ProjectSection(SolutionItems) = preProject
		observability\alloy\config\config.alloy = observability\alloy\config\config.alloy
	EndProjectSection
EndProject
Project("{2150E333-8FDC-42A3-9474-1A3956D46DE8}") = "D2-WORX", "D2-WORX", "{1F447BFA-D966-4A1B-8A7F-7371E8C7A6E4}"
	ProjectSection(SolutionItems) = preProject
		observability\grafana\provisioning\dashboards\d2-worx\rest-gateway-performance.json = observability\grafana\provisioning\dashboards\d2-worx\rest-gateway-performance.json
		observability\grafana\provisioning\dashboards\d2-worx\cadvisor_19792_rev6.json = observability\grafana\provisioning\dashboards\d2-worx\cadvisor_19792_rev6.json
		observability\grafana\provisioning\dashboards\d2-worx\minio_13502_rev26.json = observability\grafana\provisioning\dashboards\d2-worx\minio_13502_rev26.json
		observability\grafana\provisioning\dashboards\d2-worx\pgsqldb_9628_rev8.json = observability\grafana\provisioning\dashboards\d2-worx\pgsqldb_9628_rev8.json
		observability\grafana\provisioning\dashboards\d2-worx\rabbitmq_10991_rev15.json = observability\grafana\provisioning\dashboards\d2-worx\rabbitmq_10991_rev15.json
		observability\grafana\provisioning\dashboards\d2-worx\redis_11835_rev1.json = observability\grafana\provisioning\dashboards\d2-worx\redis_11835_rev1.json
		observability\grafana\provisioning\dashboards\d2-worx\sveltekit-bff-performance.json = observability\grafana\provisioning\dashboards\d2-worx\sveltekit-bff-performance.json
		observability\grafana\provisioning\dashboards\d2-worx\web-vitals-rum.json = observability\grafana\provisioning\dashboards\d2-worx\web-vitals-rum.json
	EndProjectSection
EndProject
Project("{2150E333-8FDC-42A3-9474-1A3956D46DE8}") = "Geo", "Geo", "{DF0BFB1D-B03B-48A2-B796-99BA9C608EFC}"
	ProjectSection(SolutionItems) = preProject
		backends\dotnet\services\Geo\GEO_SERVICE.md = backends\dotnet\services\Geo\GEO_SERVICE.md
	EndProjectSection
EndProject
Project("{2150E333-8FDC-42A3-9474-1A3956D46DE8}") = "BackEnds", "BackEnds", "{56BB4FF8-EDE1-4808-9A51-FE2D98EE6549}"
EndProject
Project("{FAE04EC0-301F-11D3-BF4B-00C04F79EFBC}") = "Geo.API", "backends\dotnet\services\Geo\Geo.API\Geo.API.csproj", "{6267DD37-2BF0-4866-913F-E8C862A56901}"
EndProject
Project("{FAE04EC0-301F-11D3-BF4B-00C04F79EFBC}") = "Geo.Domain", "backends\dotnet\services\Geo\Geo.Domain\Geo.Domain.csproj", "{DA78760E-A064-4DBC-B768-2D34840A0BD1}"
EndProject
Project("{FAE04EC0-301F-11D3-BF4B-00C04F79EFBC}") = "Geo.Tests", "backends\dotnet\services\Geo\Geo.Tests\Geo.Tests.csproj", "{A8C54680-99DA-4C22-BFF0-FE0ECCE33AA7}"
EndProject
Project("{FAE04EC0-301F-11D3-BF4B-00C04F79EFBC}") = "Tests", "backends\dotnet\shared\Tests\Tests.csproj", "{BE6FCF87-B290-4F44-B702-E4D5F37FC02F}"
EndProject
Project("{2150E333-8FDC-42A3-9474-1A3956D46DE8}") = "Protos", "Protos", "{F7674DAD-433A-4790-83AE-6C27F512F350}"
EndProject
Project("{2150E333-8FDC-42A3-9474-1A3956D46DE8}") = "_gen", "_gen", "{A4A1FCD4-F878-4CD4-853B-1D13B4AC81EA}"
EndProject
Project("{FAE04EC0-301F-11D3-BF4B-00C04F79EFBC}") = "Protos.DotNet", "backends\dotnet\shared\protos\_gen\Protos.DotNet\Protos.DotNet.csproj", "{A4F83C5A-B013-4468-9616-72DFAC889C04}"
EndProject
Project("{FAE04EC0-301F-11D3-BF4B-00C04F79EFBC}") = "Result", "backends\dotnet\shared\Result\Result.csproj", "{CF88F2B6-A4DA-4885-BF07-840AF0E319C8}"
EndProject
Project("{FAE04EC0-301F-11D3-BF4B-00C04F79EFBC}") = "Handler", "backends\dotnet\shared\Handler\Handler.csproj", "{9CA2D9D8-1445-465F-A0E3-127014356BFD}"
EndProject
Project("{FAE04EC0-301F-11D3-BF4B-00C04F79EFBC}") = "Interfaces", "backends\dotnet\shared\Interfaces\Interfaces.csproj", "{DF012585-D980-46BD-8757-4FE065BB074F}"
EndProject
Project("{FAE04EC0-301F-11D3-BF4B-00C04F79EFBC}") = "InMemoryCache.Default", "backends\dotnet\shared\Implementations\Caching\InMemory\InMemoryCache.Default\InMemoryCache.Default.csproj", "{BD534CED-FABF-4B0D-AE37-7DE545DAB723}"
EndProject
Project("{FAE04EC0-301F-11D3-BF4B-00C04F79EFBC}") = "DistributedCache.Redis", "backends\dotnet\shared\Implementations\Caching\Distributed\DistributedCache.Redis\DistributedCache.Redis.csproj", "{51F7B614-C4B7-41DF-B5F0-CCC0171E8978}"
EndProject
Project("{2150E333-8FDC-42A3-9474-1A3956D46DE8}") = "Implementations", "Implementations", "{AED5C6CD-4B3F-47B7-AC18-F12C77571579}"
EndProject
Project("{FAE04EC0-301F-11D3-BF4B-00C04F79EFBC}") = "Geo.App", "backends\dotnet\services\Geo\Geo.App\Geo.App.csproj", "{B3102CF3-F8F3-4F68-89DE-22BB985E63A9}"
EndProject
Project("{FAE04EC0-301F-11D3-BF4B-00C04F79EFBC}") = "Geo.Infra", "backends\dotnet\services\Geo\Geo.Infra\Geo.Infra.csproj", "{73ABCB4C-FB3F-49C2-84AF-3FC233582ADB}"
EndProject
Project("{2150E333-8FDC-42A3-9474-1A3956D46DE8}") = "Caching", "Caching", "{8B3F5142-6632-4D7F-B205-9616D141B3EC}"
EndProject
Project("{2150E333-8FDC-42A3-9474-1A3956D46DE8}") = "InMemory", "InMemory", "{F38BF969-97EF-4A16-8A5A-D3CA41E94D2D}"
EndProject
Project("{2150E333-8FDC-42A3-9474-1A3956D46DE8}") = "Distributed", "Distributed", "{DE7A00A7-BFFD-4B4A-A54A-2D805FFE414B}"
EndProject
Project("{2150E333-8FDC-42A3-9474-1A3956D46DE8}") = "Repository", "Repository", "{0EBE3EDF-898F-4693-861A-A52C5606DC04}"
EndProject
Project("{2150E333-8FDC-42A3-9474-1A3956D46DE8}") = "Transactions", "Transactions", "{12FC3E80-4A13-4B87-BC58-E839466AF7B3}"
EndProject
Project("{FAE04EC0-301F-11D3-BF4B-00C04F79EFBC}") = "Transactions.Pg", "backends\dotnet\shared\Implementations\Repository\Transactions\Transactions.Pg\Transactions.Pg.csproj", "{12C31EC5-29AB-4E7A-A493-47448F294176}"
EndProject
Project("{FAE04EC0-301F-11D3-BF4B-00C04F79EFBC}") = "Result.Extensions", "backends\dotnet\shared\Result.Extensions\Result.Extensions.csproj", "{7D592249-21C7-407A-9240-F9FC4291E877}"
EndProject
Project("{FAE04EC0-301F-11D3-BF4B-00C04F79EFBC}") = "Handler.Extensions", "backends\dotnet\shared\Handler.Extensions\Handler.Extensions.csproj", "{D1ED2D1C-5D09-486B-951A-46653B2BA8CD}"
EndProject
Project("{2150E333-8FDC-42A3-9474-1A3956D46DE8}") = "Batch", "Batch", "{F1879BE4-BB9F-B913-C8FF-AFF91A77CBBC}"
EndProject
Project("{FAE04EC0-301F-11D3-BF4B-00C04F79EFBC}") = "Batch.Pg", "backends\dotnet\shared\Implementations\Repository\Batch\Batch.Pg\Batch.Pg.csproj", "{914BBDEE-9240-426A-854E-FA33C1E32CF4}"
EndProject
Project("{FAE04EC0-301F-11D3-BF4B-00C04F79EFBC}") = "Geo.Client", "backends\dotnet\services\Geo\Geo.Client\Geo.Client.csproj", "{E6A06864-F7F3-4248-867A-9A013E20E751}"
EndProject
Project("{2150E333-8FDC-42A3-9474-1A3956D46DE8}") = "Middleware", "Middleware", "{256BA938-803D-8B8E-508A-0B09DC3E7B7D}"
EndProject
Project("{FAE04EC0-301F-11D3-BF4B-00C04F79EFBC}") = "RequestEnrichment.Default", "backends\dotnet\shared\Implementations\Middleware\RequestEnrichment.Default\RequestEnrichment.Default.csproj", "{51DFBE21-D80C-4CAE-9810-04C49181BC50}"
EndProject
Project("{FAE04EC0-301F-11D3-BF4B-00C04F79EFBC}") = "RateLimit.Default", "backends\dotnet\shared\Implementations\Middleware\RateLimit.Default\RateLimit.Default.csproj", "{E5EBD93F-91C0-4016-AE0E-E7AEACEB603F}"
EndProject
Project("{2150E333-8FDC-42A3-9474-1A3956D46DE8}") = "dotnet", "dotnet", "{F1C9C8F5-B7FD-504D-D530-9A561D06BFD4}"
EndProject
Project("{2150E333-8FDC-42A3-9474-1A3956D46DE8}") = "shared", "shared", "{6FB68B6D-9F68-FD48-E674-07A74FD400D2}"
EndProject
Project("{2150E333-8FDC-42A3-9474-1A3956D46DE8}") = "Implementations", "Implementations", "{15D780A7-58A8-9D67-E29D-6FD3298E7EB0}"
EndProject
Project("{2150E333-8FDC-42A3-9474-1A3956D46DE8}") = "Middleware", "Middleware", "{67CEFB94-72CA-A18C-F9EB-B4DFA098AB43}"
EndProject
Project("{FAE04EC0-301F-11D3-BF4B-00C04F79EFBC}") = "Idempotency.Default", "backends\dotnet\shared\Implementations\Middleware\Idempotency.Default\Idempotency.Default.csproj", "{32DE0227-03A1-46D7-B69A-2B8E83FFF886}"
EndProject
Project("{FAE04EC0-301F-11D3-BF4B-00C04F79EFBC}") = "Messaging.RabbitMQ", "backends\dotnet\shared\Implementations\Messaging\Messaging.RabbitMQ\Messaging.RabbitMQ.csproj", "{36E4E2F2-A338-42B6-BFA4-74AF45315DC9}"
EndProject
Project("{2150E333-8FDC-42A3-9474-1A3956D46DE8}") = "Repository", "Repository", "{0F698BD6-454E-2F85-2B3B-6C82D0DDE483}"
EndProject
Project("{2150E333-8FDC-42A3-9474-1A3956D46DE8}") = "Errors", "Errors", "{56217CD5-D833-4A29-9EDD-1CDFFCF80D6D}"
EndProject
Project("{FAE04EC0-301F-11D3-BF4B-00C04F79EFBC}") = "Errors.Pg", "backends\dotnet\shared\Implementations\Repository\Errors\Errors.Pg\Errors.Pg.csproj", "{DF1F3BCD-0D35-4110-88B5-32217EF197F1}"
EndProject
Project("{FAE04EC0-301F-11D3-BF4B-00C04F79EFBC}") = "I18n", "backends\dotnet\shared\I18n\I18n.csproj", "{E91FC6F7-47E8-47A5-8D09-FF462C3F5D37}"
EndProject
Project("{FAE04EC0-301F-11D3-BF4B-00C04F79EFBC}") = "Translation.Default", "backends\dotnet\shared\Implementations\Middleware\Translation.Default\Translation.Default.csproj", "{70E47781-4B4D-4BFF-89D2-1178CBC4E463}"
EndProject
Project("{2150E333-8FDC-42A3-9474-1A3956D46DE8}") = "DatabaseStartup", "DatabaseStartup", "{A1B2C3D4-E5F6-7890-ABCD-EF1234567890}"
EndProject
Project("{FAE04EC0-301F-11D3-BF4B-00C04F79EFBC}") = "DatabaseStartup.Pg", "backends\dotnet\shared\Implementations\Repository\DatabaseStartup\DatabaseStartup.Pg\DatabaseStartup.Pg.csproj", "{D4E5F6A7-B8C9-0123-4567-89ABCDEF0123}"
EndProject
Project("{2150E333-8FDC-42A3-9474-1A3956D46DE8}") = "Gateways", "Gateways", "{C3A202AD-EADD-4864-49DF-ED20E2971546}"
EndProject
Project("{FAE04EC0-301F-11D3-BF4B-00C04F79EFBC}") = "SignalR", "backends\dotnet\gateways\SignalR\SignalR.csproj", "{48730B15-A5F9-4540-AA77-953E3C3CAB95}"
EndProject
Project("{FAE04EC0-301F-11D3-BF4B-00C04F79EFBC}") = "JwtAuth.Default", "backends\dotnet\shared\Implementations\Middleware\JwtAuth.Default\JwtAuth.Default.csproj", "{246A9276-99E1-471B-B0FA-73FEAA340F70}"
EndProject
Project("{FAE04EC0-301F-11D3-BF4B-00C04F79EFBC}") = "ServiceKey.Default", "backends\dotnet\shared\Implementations\Middleware\ServiceKey.Default\ServiceKey.Default.csproj", "{C654D13E-ED75-4608-B97D-62BCF60FFBA2}"
EndProject
Project("{FAE04EC0-301F-11D3-BF4B-00C04F79EFBC}") = "AuthPolicy.Default", "backends\dotnet\shared\Implementations\Middleware\AuthPolicy.Default\AuthPolicy.Default.csproj", "{6CDAB62A-049B-44DB-93B8-49AD4DB259BD}"
EndProject
Global
	GlobalSection(SolutionConfigurationPlatforms) = preSolution
		Debug|Any CPU = Debug|Any CPU
		Debug|x64 = Debug|x64
		Debug|x86 = Debug|x86
		Release|Any CPU = Release|Any CPU
		Release|x64 = Release|x64
		Release|x86 = Release|x86
	EndGlobalSection
	GlobalSection(ProjectConfigurationPlatforms) = postSolution
		{5B4C1A23-E467-42C7-933A-3894453C25F8}.Debug|Any CPU.ActiveCfg = Debug|Any CPU
		{5B4C1A23-E467-42C7-933A-3894453C25F8}.Debug|Any CPU.Build.0 = Debug|Any CPU
		{5B4C1A23-E467-42C7-933A-3894453C25F8}.Debug|x64.ActiveCfg = Debug|Any CPU
		{5B4C1A23-E467-42C7-933A-3894453C25F8}.Debug|x64.Build.0 = Debug|Any CPU
		{5B4C1A23-E467-42C7-933A-3894453C25F8}.Debug|x86.ActiveCfg = Debug|Any CPU
		{5B4C1A23-E467-42C7-933A-3894453C25F8}.Debug|x86.Build.0 = Debug|Any CPU
		{5B4C1A23-E467-42C7-933A-3894453C25F8}.Release|Any CPU.ActiveCfg = Release|Any CPU
		{5B4C1A23-E467-42C7-933A-3894453C25F8}.Release|Any CPU.Build.0 = Release|Any CPU
		{5B4C1A23-E467-42C7-933A-3894453C25F8}.Release|x64.ActiveCfg = Release|Any CPU
		{5B4C1A23-E467-42C7-933A-3894453C25F8}.Release|x64.Build.0 = Release|Any CPU
		{5B4C1A23-E467-42C7-933A-3894453C25F8}.Release|x86.ActiveCfg = Release|Any CPU
		{5B4C1A23-E467-42C7-933A-3894453C25F8}.Release|x86.Build.0 = Release|Any CPU
		{71BF6E5F-B766-4538-8679-AB8F3A837691}.Debug|Any CPU.ActiveCfg = Debug|Any CPU
		{71BF6E5F-B766-4538-8679-AB8F3A837691}.Debug|Any CPU.Build.0 = Debug|Any CPU
		{71BF6E5F-B766-4538-8679-AB8F3A837691}.Debug|x64.ActiveCfg = Debug|Any CPU
		{71BF6E5F-B766-4538-8679-AB8F3A837691}.Debug|x64.Build.0 = Debug|Any CPU
		{71BF6E5F-B766-4538-8679-AB8F3A837691}.Debug|x86.ActiveCfg = Debug|Any CPU
		{71BF6E5F-B766-4538-8679-AB8F3A837691}.Debug|x86.Build.0 = Debug|Any CPU
		{71BF6E5F-B766-4538-8679-AB8F3A837691}.Release|Any CPU.ActiveCfg = Release|Any CPU
		{71BF6E5F-B766-4538-8679-AB8F3A837691}.Release|Any CPU.Build.0 = Release|Any CPU
		{71BF6E5F-B766-4538-8679-AB8F3A837691}.Release|x64.ActiveCfg = Release|Any CPU
		{71BF6E5F-B766-4538-8679-AB8F3A837691}.Release|x64.Build.0 = Release|Any CPU
		{71BF6E5F-B766-4538-8679-AB8F3A837691}.Release|x86.ActiveCfg = Release|Any CPU
		{71BF6E5F-B766-4538-8679-AB8F3A837691}.Release|x86.Build.0 = Release|Any CPU
		{128D424D-3BD8-42FF-BA2B-77A2795AD703}.Debug|Any CPU.ActiveCfg = Debug|Any CPU
		{128D424D-3BD8-42FF-BA2B-77A2795AD703}.Debug|Any CPU.Build.0 = Debug|Any CPU
		{128D424D-3BD8-42FF-BA2B-77A2795AD703}.Debug|x64.ActiveCfg = Debug|Any CPU
		{128D424D-3BD8-42FF-BA2B-77A2795AD703}.Debug|x64.Build.0 = Debug|Any CPU
		{128D424D-3BD8-42FF-BA2B-77A2795AD703}.Debug|x86.ActiveCfg = Debug|Any CPU
		{128D424D-3BD8-42FF-BA2B-77A2795AD703}.Debug|x86.Build.0 = Debug|Any CPU
		{128D424D-3BD8-42FF-BA2B-77A2795AD703}.Release|Any CPU.ActiveCfg = Release|Any CPU
		{128D424D-3BD8-42FF-BA2B-77A2795AD703}.Release|Any CPU.Build.0 = Release|Any CPU
		{128D424D-3BD8-42FF-BA2B-77A2795AD703}.Release|x64.ActiveCfg = Release|Any CPU
		{128D424D-3BD8-42FF-BA2B-77A2795AD703}.Release|x64.Build.0 = Release|Any CPU
		{128D424D-3BD8-42FF-BA2B-77A2795AD703}.Release|x86.ActiveCfg = Release|Any CPU
		{128D424D-3BD8-42FF-BA2B-77A2795AD703}.Release|x86.Build.0 = Release|Any CPU
		{6267DD37-2BF0-4866-913F-E8C862A56901}.Debug|Any CPU.ActiveCfg = Debug|Any CPU
		{6267DD37-2BF0-4866-913F-E8C862A56901}.Debug|Any CPU.Build.0 = Debug|Any CPU
		{6267DD37-2BF0-4866-913F-E8C862A56901}.Debug|x64.ActiveCfg = Debug|Any CPU
		{6267DD37-2BF0-4866-913F-E8C862A56901}.Debug|x64.Build.0 = Debug|Any CPU
		{6267DD37-2BF0-4866-913F-E8C862A56901}.Debug|x86.ActiveCfg = Debug|Any CPU
		{6267DD37-2BF0-4866-913F-E8C862A56901}.Debug|x86.Build.0 = Debug|Any CPU
		{6267DD37-2BF0-4866-913F-E8C862A56901}.Release|Any CPU.ActiveCfg = Release|Any CPU
		{6267DD37-2BF0-4866-913F-E8C862A56901}.Release|Any CPU.Build.0 = Release|Any CPU
		{6267DD37-2BF0-4866-913F-E8C862A56901}.Release|x64.ActiveCfg = Release|Any CPU
		{6267DD37-2BF0-4866-913F-E8C862A56901}.Release|x64.Build.0 = Release|Any CPU
		{6267DD37-2BF0-4866-913F-E8C862A56901}.Release|x86.ActiveCfg = Release|Any CPU
		{6267DD37-2BF0-4866-913F-E8C862A56901}.Release|x86.Build.0 = Release|Any CPU
		{DA78760E-A064-4DBC-B768-2D34840A0BD1}.Debug|Any CPU.ActiveCfg = Debug|Any CPU
		{DA78760E-A064-4DBC-B768-2D34840A0BD1}.Debug|Any CPU.Build.0 = Debug|Any CPU
		{DA78760E-A064-4DBC-B768-2D34840A0BD1}.Debug|x64.ActiveCfg = Debug|Any CPU
		{DA78760E-A064-4DBC-B768-2D34840A0BD1}.Debug|x64.Build.0 = Debug|Any CPU
		{DA78760E-A064-4DBC-B768-2D34840A0BD1}.Debug|x86.ActiveCfg = Debug|Any CPU
		{DA78760E-A064-4DBC-B768-2D34840A0BD1}.Debug|x86.Build.0 = Debug|Any CPU
		{DA78760E-A064-4DBC-B768-2D34840A0BD1}.Release|Any CPU.ActiveCfg = Release|Any CPU
		{DA78760E-A064-4DBC-B768-2D34840A0BD1}.Release|Any CPU.Build.0 = Release|Any CPU
		{DA78760E-A064-4DBC-B768-2D34840A0BD1}.Release|x64.ActiveCfg = Release|Any CPU
		{DA78760E-A064-4DBC-B768-2D34840A0BD1}.Release|x64.Build.0 = Release|Any CPU
		{DA78760E-A064-4DBC-B768-2D34840A0BD1}.Release|x86.ActiveCfg = Release|Any CPU
		{DA78760E-A064-4DBC-B768-2D34840A0BD1}.Release|x86.Build.0 = Release|Any CPU
		{A8C54680-99DA-4C22-BFF0-FE0ECCE33AA7}.Debug|Any CPU.ActiveCfg = Debug|Any CPU
		{A8C54680-99DA-4C22-BFF0-FE0ECCE33AA7}.Debug|Any CPU.Build.0 = Debug|Any CPU
		{A8C54680-99DA-4C22-BFF0-FE0ECCE33AA7}.Debug|x64.ActiveCfg = Debug|Any CPU
		{A8C54680-99DA-4C22-BFF0-FE0ECCE33AA7}.Debug|x64.Build.0 = Debug|Any CPU
		{A8C54680-99DA-4C22-BFF0-FE0ECCE33AA7}.Debug|x86.ActiveCfg = Debug|Any CPU
		{A8C54680-99DA-4C22-BFF0-FE0ECCE33AA7}.Debug|x86.Build.0 = Debug|Any CPU
		{A8C54680-99DA-4C22-BFF0-FE0ECCE33AA7}.Release|Any CPU.ActiveCfg = Release|Any CPU
		{A8C54680-99DA-4C22-BFF0-FE0ECCE33AA7}.Release|Any CPU.Build.0 = Release|Any CPU
		{A8C54680-99DA-4C22-BFF0-FE0ECCE33AA7}.Release|x64.ActiveCfg = Release|Any CPU
		{A8C54680-99DA-4C22-BFF0-FE0ECCE33AA7}.Release|x64.Build.0 = Release|Any CPU
		{A8C54680-99DA-4C22-BFF0-FE0ECCE33AA7}.Release|x86.ActiveCfg = Release|Any CPU
		{A8C54680-99DA-4C22-BFF0-FE0ECCE33AA7}.Release|x86.Build.0 = Release|Any CPU
		{BE6FCF87-B290-4F44-B702-E4D5F37FC02F}.Debug|Any CPU.ActiveCfg = Debug|Any CPU
		{BE6FCF87-B290-4F44-B702-E4D5F37FC02F}.Debug|Any CPU.Build.0 = Debug|Any CPU
		{BE6FCF87-B290-4F44-B702-E4D5F37FC02F}.Debug|x64.ActiveCfg = Debug|Any CPU
		{BE6FCF87-B290-4F44-B702-E4D5F37FC02F}.Debug|x64.Build.0 = Debug|Any CPU
		{BE6FCF87-B290-4F44-B702-E4D5F37FC02F}.Debug|x86.ActiveCfg = Debug|Any CPU
		{BE6FCF87-B290-4F44-B702-E4D5F37FC02F}.Debug|x86.Build.0 = Debug|Any CPU
		{BE6FCF87-B290-4F44-B702-E4D5F37FC02F}.Release|Any CPU.ActiveCfg = Release|Any CPU
		{BE6FCF87-B290-4F44-B702-E4D5F37FC02F}.Release|Any CPU.Build.0 = Release|Any CPU
		{BE6FCF87-B290-4F44-B702-E4D5F37FC02F}.Release|x64.ActiveCfg = Release|Any CPU
		{BE6FCF87-B290-4F44-B702-E4D5F37FC02F}.Release|x64.Build.0 = Release|Any CPU
		{BE6FCF87-B290-4F44-B702-E4D5F37FC02F}.Release|x86.ActiveCfg = Release|Any CPU
		{BE6FCF87-B290-4F44-B702-E4D5F37FC02F}.Release|x86.Build.0 = Release|Any CPU
		{A4F83C5A-B013-4468-9616-72DFAC889C04}.Debug|Any CPU.ActiveCfg = Debug|Any CPU
		{A4F83C5A-B013-4468-9616-72DFAC889C04}.Debug|Any CPU.Build.0 = Debug|Any CPU
		{A4F83C5A-B013-4468-9616-72DFAC889C04}.Debug|x64.ActiveCfg = Debug|Any CPU
		{A4F83C5A-B013-4468-9616-72DFAC889C04}.Debug|x64.Build.0 = Debug|Any CPU
		{A4F83C5A-B013-4468-9616-72DFAC889C04}.Debug|x86.ActiveCfg = Debug|Any CPU
		{A4F83C5A-B013-4468-9616-72DFAC889C04}.Debug|x86.Build.0 = Debug|Any CPU
		{A4F83C5A-B013-4468-9616-72DFAC889C04}.Release|Any CPU.ActiveCfg = Release|Any CPU
		{A4F83C5A-B013-4468-9616-72DFAC889C04}.Release|Any CPU.Build.0 = Release|Any CPU
		{A4F83C5A-B013-4468-9616-72DFAC889C04}.Release|x64.ActiveCfg = Release|Any CPU
		{A4F83C5A-B013-4468-9616-72DFAC889C04}.Release|x64.Build.0 = Release|Any CPU
		{A4F83C5A-B013-4468-9616-72DFAC889C04}.Release|x86.ActiveCfg = Release|Any CPU
		{A4F83C5A-B013-4468-9616-72DFAC889C04}.Release|x86.Build.0 = Release|Any CPU
		{CF88F2B6-A4DA-4885-BF07-840AF0E319C8}.Debug|Any CPU.ActiveCfg = Debug|Any CPU
		{CF88F2B6-A4DA-4885-BF07-840AF0E319C8}.Debug|Any CPU.Build.0 = Debug|Any CPU
		{CF88F2B6-A4DA-4885-BF07-840AF0E319C8}.Debug|x64.ActiveCfg = Debug|Any CPU
		{CF88F2B6-A4DA-4885-BF07-840AF0E319C8}.Debug|x64.Build.0 = Debug|Any CPU
		{CF88F2B6-A4DA-4885-BF07-840AF0E319C8}.Debug|x86.ActiveCfg = Debug|Any CPU
		{CF88F2B6-A4DA-4885-BF07-840AF0E319C8}.Debug|x86.Build.0 = Debug|Any CPU
		{CF88F2B6-A4DA-4885-BF07-840AF0E319C8}.Release|Any CPU.ActiveCfg = Release|Any CPU
		{CF88F2B6-A4DA-4885-BF07-840AF0E319C8}.Release|Any CPU.Build.0 = Release|Any CPU
		{CF88F2B6-A4DA-4885-BF07-840AF0E319C8}.Release|x64.ActiveCfg = Release|Any CPU
		{CF88F2B6-A4DA-4885-BF07-840AF0E319C8}.Release|x64.Build.0 = Release|Any CPU
		{CF88F2B6-A4DA-4885-BF07-840AF0E319C8}.Release|x86.ActiveCfg = Release|Any CPU
		{CF88F2B6-A4DA-4885-BF07-840AF0E319C8}.Release|x86.Build.0 = Release|Any CPU
		{9CA2D9D8-1445-465F-A0E3-127014356BFD}.Debug|Any CPU.ActiveCfg = Debug|Any CPU
		{9CA2D9D8-1445-465F-A0E3-127014356BFD}.Debug|Any CPU.Build.0 = Debug|Any CPU
		{9CA2D9D8-1445-465F-A0E3-127014356BFD}.Debug|x64.ActiveCfg = Debug|Any CPU
		{9CA2D9D8-1445-465F-A0E3-127014356BFD}.Debug|x64.Build.0 = Debug|Any CPU
		{9CA2D9D8-1445-465F-A0E3-127014356BFD}.Debug|x86.ActiveCfg = Debug|Any CPU
		{9CA2D9D8-1445-465F-A0E3-127014356BFD}.Debug|x86.Build.0 = Debug|Any CPU
		{9CA2D9D8-1445-465F-A0E3-127014356BFD}.Release|Any CPU.ActiveCfg = Release|Any CPU
		{9CA2D9D8-1445-465F-A0E3-127014356BFD}.Release|Any CPU.Build.0 = Release|Any CPU
		{9CA2D9D8-1445-465F-A0E3-127014356BFD}.Release|x64.ActiveCfg = Release|Any CPU
		{9CA2D9D8-1445-465F-A0E3-127014356BFD}.Release|x64.Build.0 = Release|Any CPU
		{9CA2D9D8-1445-465F-A0E3-127014356BFD}.Release|x86.ActiveCfg = Release|Any CPU
		{9CA2D9D8-1445-465F-A0E3-127014356BFD}.Release|x86.Build.0 = Release|Any CPU
		{DF012585-D980-46BD-8757-4FE065BB074F}.Debug|Any CPU.ActiveCfg = Debug|Any CPU
		{DF012585-D980-46BD-8757-4FE065BB074F}.Debug|Any CPU.Build.0 = Debug|Any CPU
		{DF012585-D980-46BD-8757-4FE065BB074F}.Debug|x64.ActiveCfg = Debug|Any CPU
		{DF012585-D980-46BD-8757-4FE065BB074F}.Debug|x64.Build.0 = Debug|Any CPU
		{DF012585-D980-46BD-8757-4FE065BB074F}.Debug|x86.ActiveCfg = Debug|Any CPU
		{DF012585-D980-46BD-8757-4FE065BB074F}.Debug|x86.Build.0 = Debug|Any CPU
		{DF012585-D980-46BD-8757-4FE065BB074F}.Release|Any CPU.ActiveCfg = Release|Any CPU
		{DF012585-D980-46BD-8757-4FE065BB074F}.Release|Any CPU.Build.0 = Release|Any CPU
		{DF012585-D980-46BD-8757-4FE065BB074F}.Release|x64.ActiveCfg = Release|Any CPU
		{DF012585-D980-46BD-8757-4FE065BB074F}.Release|x64.Build.0 = Release|Any CPU
		{DF012585-D980-46BD-8757-4FE065BB074F}.Release|x86.ActiveCfg = Release|Any CPU
		{DF012585-D980-46BD-8757-4FE065BB074F}.Release|x86.Build.0 = Release|Any CPU
		{BD534CED-FABF-4B0D-AE37-7DE545DAB723}.Debug|Any CPU.ActiveCfg = Debug|Any CPU
		{BD534CED-FABF-4B0D-AE37-7DE545DAB723}.Debug|Any CPU.Build.0 = Debug|Any CPU
		{BD534CED-FABF-4B0D-AE37-7DE545DAB723}.Debug|x64.ActiveCfg = Debug|Any CPU
		{BD534CED-FABF-4B0D-AE37-7DE545DAB723}.Debug|x64.Build.0 = Debug|Any CPU
		{BD534CED-FABF-4B0D-AE37-7DE545DAB723}.Debug|x86.ActiveCfg = Debug|Any CPU
		{BD534CED-FABF-4B0D-AE37-7DE545DAB723}.Debug|x86.Build.0 = Debug|Any CPU
		{BD534CED-FABF-4B0D-AE37-7DE545DAB723}.Release|Any CPU.ActiveCfg = Release|Any CPU
		{BD534CED-FABF-4B0D-AE37-7DE545DAB723}.Release|Any CPU.Build.0 = Release|Any CPU
		{BD534CED-FABF-4B0D-AE37-7DE545DAB723}.Release|x64.ActiveCfg = Release|Any CPU
		{BD534CED-FABF-4B0D-AE37-7DE545DAB723}.Release|x64.Build.0 = Release|Any CPU
		{BD534CED-FABF-4B0D-AE37-7DE545DAB723}.Release|x86.ActiveCfg = Release|Any CPU
		{BD534CED-FABF-4B0D-AE37-7DE545DAB723}.Release|x86.Build.0 = Release|Any CPU
		{51F7B614-C4B7-41DF-B5F0-CCC0171E8978}.Debug|Any CPU.ActiveCfg = Debug|Any CPU
		{51F7B614-C4B7-41DF-B5F0-CCC0171E8978}.Debug|Any CPU.Build.0 = Debug|Any CPU
		{51F7B614-C4B7-41DF-B5F0-CCC0171E8978}.Debug|x64.ActiveCfg = Debug|Any CPU
		{51F7B614-C4B7-41DF-B5F0-CCC0171E8978}.Debug|x64.Build.0 = Debug|Any CPU
		{51F7B614-C4B7-41DF-B5F0-CCC0171E8978}.Debug|x86.ActiveCfg = Debug|Any CPU
		{51F7B614-C4B7-41DF-B5F0-CCC0171E8978}.Debug|x86.Build.0 = Debug|Any CPU
		{51F7B614-C4B7-41DF-B5F0-CCC0171E8978}.Release|Any CPU.ActiveCfg = Release|Any CPU
		{51F7B614-C4B7-41DF-B5F0-CCC0171E8978}.Release|Any CPU.Build.0 = Release|Any CPU
		{51F7B614-C4B7-41DF-B5F0-CCC0171E8978}.Release|x64.ActiveCfg = Release|Any CPU
		{51F7B614-C4B7-41DF-B5F0-CCC0171E8978}.Release|x64.Build.0 = Release|Any CPU
		{51F7B614-C4B7-41DF-B5F0-CCC0171E8978}.Release|x86.ActiveCfg = Release|Any CPU
		{51F7B614-C4B7-41DF-B5F0-CCC0171E8978}.Release|x86.Build.0 = Release|Any CPU
		{B3102CF3-F8F3-4F68-89DE-22BB985E63A9}.Debug|Any CPU.ActiveCfg = Debug|Any CPU
		{B3102CF3-F8F3-4F68-89DE-22BB985E63A9}.Debug|Any CPU.Build.0 = Debug|Any CPU
		{B3102CF3-F8F3-4F68-89DE-22BB985E63A9}.Debug|x64.ActiveCfg = Debug|Any CPU
		{B3102CF3-F8F3-4F68-89DE-22BB985E63A9}.Debug|x64.Build.0 = Debug|Any CPU
		{B3102CF3-F8F3-4F68-89DE-22BB985E63A9}.Debug|x86.ActiveCfg = Debug|Any CPU
		{B3102CF3-F8F3-4F68-89DE-22BB985E63A9}.Debug|x86.Build.0 = Debug|Any CPU
		{B3102CF3-F8F3-4F68-89DE-22BB985E63A9}.Release|Any CPU.ActiveCfg = Release|Any CPU
		{B3102CF3-F8F3-4F68-89DE-22BB985E63A9}.Release|Any CPU.Build.0 = Release|Any CPU
		{B3102CF3-F8F3-4F68-89DE-22BB985E63A9}.Release|x64.ActiveCfg = Release|Any CPU
		{B3102CF3-F8F3-4F68-89DE-22BB985E63A9}.Release|x64.Build.0 = Release|Any CPU
		{B3102CF3-F8F3-4F68-89DE-22BB985E63A9}.Release|x86.ActiveCfg = Release|Any CPU
		{B3102CF3-F8F3-4F68-89DE-22BB985E63A9}.Release|x86.Build.0 = Release|Any CPU
		{73ABCB4C-FB3F-49C2-84AF-3FC233582ADB}.Debug|Any CPU.ActiveCfg = Debug|Any CPU
		{73ABCB4C-FB3F-49C2-84AF-3FC233582ADB}.Debug|Any CPU.Build.0 = Debug|Any CPU
		{73ABCB4C-FB3F-49C2-84AF-3FC233582ADB}.Debug|x64.ActiveCfg = Debug|Any CPU
		{73ABCB4C-FB3F-49C2-84AF-3FC233582ADB}.Debug|x64.Build.0 = Debug|Any CPU
		{73ABCB4C-FB3F-49C2-84AF-3FC233582ADB}.Debug|x86.ActiveCfg = Debug|Any CPU
		{73ABCB4C-FB3F-49C2-84AF-3FC233582ADB}.Debug|x86.Build.0 = Debug|Any CPU
		{73ABCB4C-FB3F-49C2-84AF-3FC233582ADB}.Release|Any CPU.ActiveCfg = Release|Any CPU
		{73ABCB4C-FB3F-49C2-84AF-3FC233582ADB}.Release|Any CPU.Build.0 = Release|Any CPU
		{73ABCB4C-FB3F-49C2-84AF-3FC233582ADB}.Release|x64.ActiveCfg = Release|Any CPU
		{73ABCB4C-FB3F-49C2-84AF-3FC233582ADB}.Release|x64.Build.0 = Release|Any CPU
		{73ABCB4C-FB3F-49C2-84AF-3FC233582ADB}.Release|x86.ActiveCfg = Release|Any CPU
		{73ABCB4C-FB3F-49C2-84AF-3FC233582ADB}.Release|x86.Build.0 = Release|Any CPU
		{12C31EC5-29AB-4E7A-A493-47448F294176}.Debug|Any CPU.ActiveCfg = Debug|Any CPU
		{12C31EC5-29AB-4E7A-A493-47448F294176}.Debug|Any CPU.Build.0 = Debug|Any CPU
		{12C31EC5-29AB-4E7A-A493-47448F294176}.Debug|x64.ActiveCfg = Debug|Any CPU
		{12C31EC5-29AB-4E7A-A493-47448F294176}.Debug|x64.Build.0 = Debug|Any CPU
		{12C31EC5-29AB-4E7A-A493-47448F294176}.Debug|x86.ActiveCfg = Debug|Any CPU
		{12C31EC5-29AB-4E7A-A493-47448F294176}.Debug|x86.Build.0 = Debug|Any CPU
		{12C31EC5-29AB-4E7A-A493-47448F294176}.Release|Any CPU.ActiveCfg = Release|Any CPU
		{12C31EC5-29AB-4E7A-A493-47448F294176}.Release|Any CPU.Build.0 = Release|Any CPU
		{12C31EC5-29AB-4E7A-A493-47448F294176}.Release|x64.ActiveCfg = Release|Any CPU
		{12C31EC5-29AB-4E7A-A493-47448F294176}.Release|x64.Build.0 = Release|Any CPU
		{12C31EC5-29AB-4E7A-A493-47448F294176}.Release|x86.ActiveCfg = Release|Any CPU
		{12C31EC5-29AB-4E7A-A493-47448F294176}.Release|x86.Build.0 = Release|Any CPU
		{7D592249-21C7-407A-9240-F9FC4291E877}.Debug|Any CPU.ActiveCfg = Debug|Any CPU
		{7D592249-21C7-407A-9240-F9FC4291E877}.Debug|Any CPU.Build.0 = Debug|Any CPU
		{7D592249-21C7-407A-9240-F9FC4291E877}.Debug|x64.ActiveCfg = Debug|Any CPU
		{7D592249-21C7-407A-9240-F9FC4291E877}.Debug|x64.Build.0 = Debug|Any CPU
		{7D592249-21C7-407A-9240-F9FC4291E877}.Debug|x86.ActiveCfg = Debug|Any CPU
		{7D592249-21C7-407A-9240-F9FC4291E877}.Debug|x86.Build.0 = Debug|Any CPU
		{7D592249-21C7-407A-9240-F9FC4291E877}.Release|Any CPU.ActiveCfg = Release|Any CPU
		{7D592249-21C7-407A-9240-F9FC4291E877}.Release|Any CPU.Build.0 = Release|Any CPU
		{7D592249-21C7-407A-9240-F9FC4291E877}.Release|x64.ActiveCfg = Release|Any CPU
		{7D592249-21C7-407A-9240-F9FC4291E877}.Release|x64.Build.0 = Release|Any CPU
		{7D592249-21C7-407A-9240-F9FC4291E877}.Release|x86.ActiveCfg = Release|Any CPU
		{7D592249-21C7-407A-9240-F9FC4291E877}.Release|x86.Build.0 = Release|Any CPU
		{D1ED2D1C-5D09-486B-951A-46653B2BA8CD}.Debug|Any CPU.ActiveCfg = Debug|Any CPU
		{D1ED2D1C-5D09-486B-951A-46653B2BA8CD}.Debug|Any CPU.Build.0 = Debug|Any CPU
		{D1ED2D1C-5D09-486B-951A-46653B2BA8CD}.Debug|x64.ActiveCfg = Debug|Any CPU
		{D1ED2D1C-5D09-486B-951A-46653B2BA8CD}.Debug|x64.Build.0 = Debug|Any CPU
		{D1ED2D1C-5D09-486B-951A-46653B2BA8CD}.Debug|x86.ActiveCfg = Debug|Any CPU
		{D1ED2D1C-5D09-486B-951A-46653B2BA8CD}.Debug|x86.Build.0 = Debug|Any CPU
		{D1ED2D1C-5D09-486B-951A-46653B2BA8CD}.Release|Any CPU.ActiveCfg = Release|Any CPU
		{D1ED2D1C-5D09-486B-951A-46653B2BA8CD}.Release|Any CPU.Build.0 = Release|Any CPU
		{D1ED2D1C-5D09-486B-951A-46653B2BA8CD}.Release|x64.ActiveCfg = Release|Any CPU
		{D1ED2D1C-5D09-486B-951A-46653B2BA8CD}.Release|x64.Build.0 = Release|Any CPU
		{D1ED2D1C-5D09-486B-951A-46653B2BA8CD}.Release|x86.ActiveCfg = Release|Any CPU
		{D1ED2D1C-5D09-486B-951A-46653B2BA8CD}.Release|x86.Build.0 = Release|Any CPU
		{914BBDEE-9240-426A-854E-FA33C1E32CF4}.Debug|Any CPU.ActiveCfg = Debug|Any CPU
		{914BBDEE-9240-426A-854E-FA33C1E32CF4}.Debug|Any CPU.Build.0 = Debug|Any CPU
		{914BBDEE-9240-426A-854E-FA33C1E32CF4}.Debug|x64.ActiveCfg = Debug|Any CPU
		{914BBDEE-9240-426A-854E-FA33C1E32CF4}.Debug|x64.Build.0 = Debug|Any CPU
		{914BBDEE-9240-426A-854E-FA33C1E32CF4}.Debug|x86.ActiveCfg = Debug|Any CPU
		{914BBDEE-9240-426A-854E-FA33C1E32CF4}.Debug|x86.Build.0 = Debug|Any CPU
		{914BBDEE-9240-426A-854E-FA33C1E32CF4}.Release|Any CPU.ActiveCfg = Release|Any CPU
		{914BBDEE-9240-426A-854E-FA33C1E32CF4}.Release|Any CPU.Build.0 = Release|Any CPU
		{914BBDEE-9240-426A-854E-FA33C1E32CF4}.Release|x64.ActiveCfg = Release|Any CPU
		{914BBDEE-9240-426A-854E-FA33C1E32CF4}.Release|x64.Build.0 = Release|Any CPU
		{914BBDEE-9240-426A-854E-FA33C1E32CF4}.Release|x86.ActiveCfg = Release|Any CPU
		{914BBDEE-9240-426A-854E-FA33C1E32CF4}.Release|x86.Build.0 = Release|Any CPU
		{E6A06864-F7F3-4248-867A-9A013E20E751}.Debug|Any CPU.ActiveCfg = Debug|Any CPU
		{E6A06864-F7F3-4248-867A-9A013E20E751}.Debug|Any CPU.Build.0 = Debug|Any CPU
		{E6A06864-F7F3-4248-867A-9A013E20E751}.Debug|x64.ActiveCfg = Debug|Any CPU
		{E6A06864-F7F3-4248-867A-9A013E20E751}.Debug|x64.Build.0 = Debug|Any CPU
		{E6A06864-F7F3-4248-867A-9A013E20E751}.Debug|x86.ActiveCfg = Debug|Any CPU
		{E6A06864-F7F3-4248-867A-9A013E20E751}.Debug|x86.Build.0 = Debug|Any CPU
		{E6A06864-F7F3-4248-867A-9A013E20E751}.Release|Any CPU.ActiveCfg = Release|Any CPU
		{E6A06864-F7F3-4248-867A-9A013E20E751}.Release|Any CPU.Build.0 = Release|Any CPU
		{E6A06864-F7F3-4248-867A-9A013E20E751}.Release|x64.ActiveCfg = Release|Any CPU
		{E6A06864-F7F3-4248-867A-9A013E20E751}.Release|x64.Build.0 = Release|Any CPU
		{E6A06864-F7F3-4248-867A-9A013E20E751}.Release|x86.ActiveCfg = Release|Any CPU
		{E6A06864-F7F3-4248-867A-9A013E20E751}.Release|x86.Build.0 = Release|Any CPU
		{51DFBE21-D80C-4CAE-9810-04C49181BC50}.Debug|Any CPU.ActiveCfg = Debug|Any CPU
		{51DFBE21-D80C-4CAE-9810-04C49181BC50}.Debug|Any CPU.Build.0 = Debug|Any CPU
		{51DFBE21-D80C-4CAE-9810-04C49181BC50}.Debug|x64.ActiveCfg = Debug|Any CPU
		{51DFBE21-D80C-4CAE-9810-04C49181BC50}.Debug|x64.Build.0 = Debug|Any CPU
		{51DFBE21-D80C-4CAE-9810-04C49181BC50}.Debug|x86.ActiveCfg = Debug|Any CPU
		{51DFBE21-D80C-4CAE-9810-04C49181BC50}.Debug|x86.Build.0 = Debug|Any CPU
		{51DFBE21-D80C-4CAE-9810-04C49181BC50}.Release|Any CPU.ActiveCfg = Release|Any CPU
		{51DFBE21-D80C-4CAE-9810-04C49181BC50}.Release|Any CPU.Build.0 = Release|Any CPU
		{51DFBE21-D80C-4CAE-9810-04C49181BC50}.Release|x64.ActiveCfg = Release|Any CPU
		{51DFBE21-D80C-4CAE-9810-04C49181BC50}.Release|x64.Build.0 = Release|Any CPU
		{51DFBE21-D80C-4CAE-9810-04C49181BC50}.Release|x86.ActiveCfg = Release|Any CPU
		{51DFBE21-D80C-4CAE-9810-04C49181BC50}.Release|x86.Build.0 = Release|Any CPU
		{E5EBD93F-91C0-4016-AE0E-E7AEACEB603F}.Debug|Any CPU.ActiveCfg = Debug|Any CPU
		{E5EBD93F-91C0-4016-AE0E-E7AEACEB603F}.Debug|Any CPU.Build.0 = Debug|Any CPU
		{E5EBD93F-91C0-4016-AE0E-E7AEACEB603F}.Debug|x64.ActiveCfg = Debug|Any CPU
		{E5EBD93F-91C0-4016-AE0E-E7AEACEB603F}.Debug|x64.Build.0 = Debug|Any CPU
		{E5EBD93F-91C0-4016-AE0E-E7AEACEB603F}.Debug|x86.ActiveCfg = Debug|Any CPU
		{E5EBD93F-91C0-4016-AE0E-E7AEACEB603F}.Debug|x86.Build.0 = Debug|Any CPU
		{E5EBD93F-91C0-4016-AE0E-E7AEACEB603F}.Release|Any CPU.ActiveCfg = Release|Any CPU
		{E5EBD93F-91C0-4016-AE0E-E7AEACEB603F}.Release|Any CPU.Build.0 = Release|Any CPU
		{E5EBD93F-91C0-4016-AE0E-E7AEACEB603F}.Release|x64.ActiveCfg = Release|Any CPU
		{E5EBD93F-91C0-4016-AE0E-E7AEACEB603F}.Release|x64.Build.0 = Release|Any CPU
		{E5EBD93F-91C0-4016-AE0E-E7AEACEB603F}.Release|x86.ActiveCfg = Release|Any CPU
		{E5EBD93F-91C0-4016-AE0E-E7AEACEB603F}.Release|x86.Build.0 = Release|Any CPU
		{32DE0227-03A1-46D7-B69A-2B8E83FFF886}.Debug|Any CPU.ActiveCfg = Debug|Any CPU
		{32DE0227-03A1-46D7-B69A-2B8E83FFF886}.Debug|Any CPU.Build.0 = Debug|Any CPU
		{32DE0227-03A1-46D7-B69A-2B8E83FFF886}.Debug|x64.ActiveCfg = Debug|Any CPU
		{32DE0227-03A1-46D7-B69A-2B8E83FFF886}.Debug|x64.Build.0 = Debug|Any CPU
		{32DE0227-03A1-46D7-B69A-2B8E83FFF886}.Debug|x86.ActiveCfg = Debug|Any CPU
		{32DE0227-03A1-46D7-B69A-2B8E83FFF886}.Debug|x86.Build.0 = Debug|Any CPU
		{32DE0227-03A1-46D7-B69A-2B8E83FFF886}.Release|Any CPU.ActiveCfg = Release|Any CPU
		{32DE0227-03A1-46D7-B69A-2B8E83FFF886}.Release|Any CPU.Build.0 = Release|Any CPU
		{32DE0227-03A1-46D7-B69A-2B8E83FFF886}.Release|x64.ActiveCfg = Release|Any CPU
		{32DE0227-03A1-46D7-B69A-2B8E83FFF886}.Release|x64.Build.0 = Release|Any CPU
		{32DE0227-03A1-46D7-B69A-2B8E83FFF886}.Release|x86.ActiveCfg = Release|Any CPU
		{32DE0227-03A1-46D7-B69A-2B8E83FFF886}.Release|x86.Build.0 = Release|Any CPU
		{36E4E2F2-A338-42B6-BFA4-74AF45315DC9}.Debug|Any CPU.ActiveCfg = Debug|Any CPU
		{36E4E2F2-A338-42B6-BFA4-74AF45315DC9}.Debug|Any CPU.Build.0 = Debug|Any CPU
		{36E4E2F2-A338-42B6-BFA4-74AF45315DC9}.Debug|x64.ActiveCfg = Debug|Any CPU
		{36E4E2F2-A338-42B6-BFA4-74AF45315DC9}.Debug|x64.Build.0 = Debug|Any CPU
		{36E4E2F2-A338-42B6-BFA4-74AF45315DC9}.Debug|x86.ActiveCfg = Debug|Any CPU
		{36E4E2F2-A338-42B6-BFA4-74AF45315DC9}.Debug|x86.Build.0 = Debug|Any CPU
		{36E4E2F2-A338-42B6-BFA4-74AF45315DC9}.Release|Any CPU.ActiveCfg = Release|Any CPU
		{36E4E2F2-A338-42B6-BFA4-74AF45315DC9}.Release|Any CPU.Build.0 = Release|Any CPU
		{36E4E2F2-A338-42B6-BFA4-74AF45315DC9}.Release|x64.ActiveCfg = Release|Any CPU
		{36E4E2F2-A338-42B6-BFA4-74AF45315DC9}.Release|x64.Build.0 = Release|Any CPU
		{36E4E2F2-A338-42B6-BFA4-74AF45315DC9}.Release|x86.ActiveCfg = Release|Any CPU
		{36E4E2F2-A338-42B6-BFA4-74AF45315DC9}.Release|x86.Build.0 = Release|Any CPU
		{DF1F3BCD-0D35-4110-88B5-32217EF197F1}.Debug|Any CPU.ActiveCfg = Debug|Any CPU
		{DF1F3BCD-0D35-4110-88B5-32217EF197F1}.Debug|Any CPU.Build.0 = Debug|Any CPU
		{DF1F3BCD-0D35-4110-88B5-32217EF197F1}.Debug|x64.ActiveCfg = Debug|Any CPU
		{DF1F3BCD-0D35-4110-88B5-32217EF197F1}.Debug|x64.Build.0 = Debug|Any CPU
		{DF1F3BCD-0D35-4110-88B5-32217EF197F1}.Debug|x86.ActiveCfg = Debug|Any CPU
		{DF1F3BCD-0D35-4110-88B5-32217EF197F1}.Debug|x86.Build.0 = Debug|Any CPU
		{DF1F3BCD-0D35-4110-88B5-32217EF197F1}.Release|Any CPU.ActiveCfg = Release|Any CPU
		{DF1F3BCD-0D35-4110-88B5-32217EF197F1}.Release|Any CPU.Build.0 = Release|Any CPU
		{DF1F3BCD-0D35-4110-88B5-32217EF197F1}.Release|x64.ActiveCfg = Release|Any CPU
		{DF1F3BCD-0D35-4110-88B5-32217EF197F1}.Release|x64.Build.0 = Release|Any CPU
		{DF1F3BCD-0D35-4110-88B5-32217EF197F1}.Release|x86.ActiveCfg = Release|Any CPU
		{DF1F3BCD-0D35-4110-88B5-32217EF197F1}.Release|x86.Build.0 = Release|Any CPU
		{E91FC6F7-47E8-47A5-8D09-FF462C3F5D37}.Debug|Any CPU.ActiveCfg = Debug|Any CPU
		{E91FC6F7-47E8-47A5-8D09-FF462C3F5D37}.Debug|Any CPU.Build.0 = Debug|Any CPU
		{E91FC6F7-47E8-47A5-8D09-FF462C3F5D37}.Debug|x64.ActiveCfg = Debug|Any CPU
		{E91FC6F7-47E8-47A5-8D09-FF462C3F5D37}.Debug|x64.Build.0 = Debug|Any CPU
		{E91FC6F7-47E8-47A5-8D09-FF462C3F5D37}.Debug|x86.ActiveCfg = Debug|Any CPU
		{E91FC6F7-47E8-47A5-8D09-FF462C3F5D37}.Debug|x86.Build.0 = Debug|Any CPU
		{E91FC6F7-47E8-47A5-8D09-FF462C3F5D37}.Release|Any CPU.ActiveCfg = Release|Any CPU
		{E91FC6F7-47E8-47A5-8D09-FF462C3F5D37}.Release|Any CPU.Build.0 = Release|Any CPU
		{E91FC6F7-47E8-47A5-8D09-FF462C3F5D37}.Release|x64.ActiveCfg = Release|Any CPU
		{E91FC6F7-47E8-47A5-8D09-FF462C3F5D37}.Release|x64.Build.0 = Release|Any CPU
		{E91FC6F7-47E8-47A5-8D09-FF462C3F5D37}.Release|x86.ActiveCfg = Release|Any CPU
		{E91FC6F7-47E8-47A5-8D09-FF462C3F5D37}.Release|x86.Build.0 = Release|Any CPU
		{70E47781-4B4D-4BFF-89D2-1178CBC4E463}.Debug|Any CPU.ActiveCfg = Debug|Any CPU
		{70E47781-4B4D-4BFF-89D2-1178CBC4E463}.Debug|Any CPU.Build.0 = Debug|Any CPU
		{70E47781-4B4D-4BFF-89D2-1178CBC4E463}.Debug|x64.ActiveCfg = Debug|Any CPU
		{70E47781-4B4D-4BFF-89D2-1178CBC4E463}.Debug|x64.Build.0 = Debug|Any CPU
		{70E47781-4B4D-4BFF-89D2-1178CBC4E463}.Debug|x86.ActiveCfg = Debug|Any CPU
		{70E47781-4B4D-4BFF-89D2-1178CBC4E463}.Debug|x86.Build.0 = Debug|Any CPU
		{70E47781-4B4D-4BFF-89D2-1178CBC4E463}.Release|Any CPU.ActiveCfg = Release|Any CPU
		{70E47781-4B4D-4BFF-89D2-1178CBC4E463}.Release|Any CPU.Build.0 = Release|Any CPU
		{70E47781-4B4D-4BFF-89D2-1178CBC4E463}.Release|x64.ActiveCfg = Release|Any CPU
		{70E47781-4B4D-4BFF-89D2-1178CBC4E463}.Release|x64.Build.0 = Release|Any CPU
		{70E47781-4B4D-4BFF-89D2-1178CBC4E463}.Release|x86.ActiveCfg = Release|Any CPU
		{70E47781-4B4D-4BFF-89D2-1178CBC4E463}.Release|x86.Build.0 = Release|Any CPU
		{D4E5F6A7-B8C9-0123-4567-89ABCDEF0123}.Debug|Any CPU.ActiveCfg = Debug|Any CPU
		{D4E5F6A7-B8C9-0123-4567-89ABCDEF0123}.Debug|Any CPU.Build.0 = Debug|Any CPU
		{D4E5F6A7-B8C9-0123-4567-89ABCDEF0123}.Debug|x64.ActiveCfg = Debug|Any CPU
		{D4E5F6A7-B8C9-0123-4567-89ABCDEF0123}.Debug|x64.Build.0 = Debug|Any CPU
		{D4E5F6A7-B8C9-0123-4567-89ABCDEF0123}.Debug|x86.ActiveCfg = Debug|Any CPU
		{D4E5F6A7-B8C9-0123-4567-89ABCDEF0123}.Debug|x86.Build.0 = Debug|Any CPU
		{D4E5F6A7-B8C9-0123-4567-89ABCDEF0123}.Release|Any CPU.ActiveCfg = Release|Any CPU
		{D4E5F6A7-B8C9-0123-4567-89ABCDEF0123}.Release|Any CPU.Build.0 = Release|Any CPU
		{D4E5F6A7-B8C9-0123-4567-89ABCDEF0123}.Release|x64.ActiveCfg = Release|Any CPU
		{D4E5F6A7-B8C9-0123-4567-89ABCDEF0123}.Release|x64.Build.0 = Release|Any CPU
		{D4E5F6A7-B8C9-0123-4567-89ABCDEF0123}.Release|x86.ActiveCfg = Release|Any CPU
		{D4E5F6A7-B8C9-0123-4567-89ABCDEF0123}.Release|x86.Build.0 = Release|Any CPU
		{48730B15-A5F9-4540-AA77-953E3C3CAB95}.Debug|Any CPU.ActiveCfg = Debug|Any CPU
		{48730B15-A5F9-4540-AA77-953E3C3CAB95}.Debug|Any CPU.Build.0 = Debug|Any CPU
		{48730B15-A5F9-4540-AA77-953E3C3CAB95}.Debug|x64.ActiveCfg = Debug|Any CPU
		{48730B15-A5F9-4540-AA77-953E3C3CAB95}.Debug|x64.Build.0 = Debug|Any CPU
		{48730B15-A5F9-4540-AA77-953E3C3CAB95}.Debug|x86.ActiveCfg = Debug|Any CPU
		{48730B15-A5F9-4540-AA77-953E3C3CAB95}.Debug|x86.Build.0 = Debug|Any CPU
		{48730B15-A5F9-4540-AA77-953E3C3CAB95}.Release|Any CPU.ActiveCfg = Release|Any CPU
		{48730B15-A5F9-4540-AA77-953E3C3CAB95}.Release|Any CPU.Build.0 = Release|Any CPU
		{48730B15-A5F9-4540-AA77-953E3C3CAB95}.Release|x64.ActiveCfg = Release|Any CPU
		{48730B15-A5F9-4540-AA77-953E3C3CAB95}.Release|x64.Build.0 = Release|Any CPU
		{48730B15-A5F9-4540-AA77-953E3C3CAB95}.Release|x86.ActiveCfg = Release|Any CPU
		{48730B15-A5F9-4540-AA77-953E3C3CAB95}.Release|x86.Build.0 = Release|Any CPU
		{246A9276-99E1-471B-B0FA-73FEAA340F70}.Debug|Any CPU.ActiveCfg = Debug|Any CPU
		{246A9276-99E1-471B-B0FA-73FEAA340F70}.Debug|Any CPU.Build.0 = Debug|Any CPU
		{246A9276-99E1-471B-B0FA-73FEAA340F70}.Debug|x64.ActiveCfg = Debug|Any CPU
		{246A9276-99E1-471B-B0FA-73FEAA340F70}.Debug|x64.Build.0 = Debug|Any CPU
		{246A9276-99E1-471B-B0FA-73FEAA340F70}.Debug|x86.ActiveCfg = Debug|Any CPU
		{246A9276-99E1-471B-B0FA-73FEAA340F70}.Debug|x86.Build.0 = Debug|Any CPU
		{246A9276-99E1-471B-B0FA-73FEAA340F70}.Release|Any CPU.ActiveCfg = Release|Any CPU
		{246A9276-99E1-471B-B0FA-73FEAA340F70}.Release|Any CPU.Build.0 = Release|Any CPU
		{246A9276-99E1-471B-B0FA-73FEAA340F70}.Release|x64.ActiveCfg = Release|Any CPU
		{246A9276-99E1-471B-B0FA-73FEAA340F70}.Release|x64.Build.0 = Release|Any CPU
		{246A9276-99E1-471B-B0FA-73FEAA340F70}.Release|x86.ActiveCfg = Release|Any CPU
		{246A9276-99E1-471B-B0FA-73FEAA340F70}.Release|x86.Build.0 = Release|Any CPU
		{C654D13E-ED75-4608-B97D-62BCF60FFBA2}.Debug|Any CPU.ActiveCfg = Debug|Any CPU
		{C654D13E-ED75-4608-B97D-62BCF60FFBA2}.Debug|Any CPU.Build.0 = Debug|Any CPU
		{C654D13E-ED75-4608-B97D-62BCF60FFBA2}.Debug|x64.ActiveCfg = Debug|Any CPU
		{C654D13E-ED75-4608-B97D-62BCF60FFBA2}.Debug|x64.Build.0 = Debug|Any CPU
		{C654D13E-ED75-4608-B97D-62BCF60FFBA2}.Debug|x86.ActiveCfg = Debug|Any CPU
		{C654D13E-ED75-4608-B97D-62BCF60FFBA2}.Debug|x86.Build.0 = Debug|Any CPU
		{C654D13E-ED75-4608-B97D-62BCF60FFBA2}.Release|Any CPU.ActiveCfg = Release|Any CPU
		{C654D13E-ED75-4608-B97D-62BCF60FFBA2}.Release|Any CPU.Build.0 = Release|Any CPU
		{C654D13E-ED75-4608-B97D-62BCF60FFBA2}.Release|x64.ActiveCfg = Release|Any CPU
		{C654D13E-ED75-4608-B97D-62BCF60FFBA2}.Release|x64.Build.0 = Release|Any CPU
		{C654D13E-ED75-4608-B97D-62BCF60FFBA2}.Release|x86.ActiveCfg = Release|Any CPU
		{C654D13E-ED75-4608-B97D-62BCF60FFBA2}.Release|x86.Build.0 = Release|Any CPU
		{6CDAB62A-049B-44DB-93B8-49AD4DB259BD}.Debug|Any CPU.ActiveCfg = Debug|Any CPU
		{6CDAB62A-049B-44DB-93B8-49AD4DB259BD}.Debug|Any CPU.Build.0 = Debug|Any CPU
		{6CDAB62A-049B-44DB-93B8-49AD4DB259BD}.Debug|x64.ActiveCfg = Debug|Any CPU
		{6CDAB62A-049B-44DB-93B8-49AD4DB259BD}.Debug|x64.Build.0 = Debug|Any CPU
		{6CDAB62A-049B-44DB-93B8-49AD4DB259BD}.Debug|x86.ActiveCfg = Debug|Any CPU
		{6CDAB62A-049B-44DB-93B8-49AD4DB259BD}.Debug|x86.Build.0 = Debug|Any CPU
		{6CDAB62A-049B-44DB-93B8-49AD4DB259BD}.Release|Any CPU.ActiveCfg = Release|Any CPU
		{6CDAB62A-049B-44DB-93B8-49AD4DB259BD}.Release|Any CPU.Build.0 = Release|Any CPU
		{6CDAB62A-049B-44DB-93B8-49AD4DB259BD}.Release|x64.ActiveCfg = Release|Any CPU
		{6CDAB62A-049B-44DB-93B8-49AD4DB259BD}.Release|x64.Build.0 = Release|Any CPU
		{6CDAB62A-049B-44DB-93B8-49AD4DB259BD}.Release|x86.ActiveCfg = Release|Any CPU
		{6CDAB62A-049B-44DB-93B8-49AD4DB259BD}.Release|x86.Build.0 = Release|Any CPU
	EndGlobalSection
	GlobalSection(SolutionProperties) = preSolution
		HideSolutionNode = FALSE
	EndGlobalSection
	GlobalSection(NestedProjects) = preSolution
		{5B4C1A23-E467-42C7-933A-3894453C25F8} = {9117C8D8-BDAA-4BE7-A5CC-8C3FA8E03757}
		{71BF6E5F-B766-4538-8679-AB8F3A837691} = {9C8D599B-0BEC-47AC-AD6F-8D9739CD6600}
		{9117C8D8-BDAA-4BE7-A5CC-8C3FA8E03757} = {56BB4FF8-EDE1-4808-9A51-FE2D98EE6549}
		{9C8D599B-0BEC-47AC-AD6F-8D9739CD6600} = {56BB4FF8-EDE1-4808-9A51-FE2D98EE6549}
		{128D424D-3BD8-42FF-BA2B-77A2795AD703} = {9117C8D8-BDAA-4BE7-A5CC-8C3FA8E03757}
		{CB4FA97C-C310-4A0D-A2B6-F3FEF96D0144} = {56BB4FF8-EDE1-4808-9A51-FE2D98EE6549}
		{715DE28A-4990-4585-9C72-5DF09F05B05F} = {B46DEAC7-AC68-4CBB-B3C3-D9985C17BB3D}
		{351EDC8E-73CA-42A5-8A9E-56F430091478} = {B46DEAC7-AC68-4CBB-B3C3-D9985C17BB3D}
		{C82FA7F4-98DC-4366-8122-1040D686CBF2} = {B46DEAC7-AC68-4CBB-B3C3-D9985C17BB3D}
		{AA27FE9C-D7D6-4261-9CE1-69DAF988D359} = {B46DEAC7-AC68-4CBB-B3C3-D9985C17BB3D}
		{D31C4135-68AE-4DD6-AE56-D82537CAE753} = {351EDC8E-73CA-42A5-8A9E-56F430091478}
		{5B5EDC4B-AC8C-4418-8564-EECF5BE1DB22} = {715DE28A-4990-4585-9C72-5DF09F05B05F}
		{DE8EF225-5167-4E55-9CDC-3AB69D28B521} = {AA27FE9C-D7D6-4261-9CE1-69DAF988D359}
		{7F994A2F-1C9C-45D7-A182-77C2EC2A42AC} = {C82FA7F4-98DC-4366-8122-1040D686CBF2}
		{0841A0F5-EF28-47EA-9099-35999D6BDEFA} = {D31C4135-68AE-4DD6-AE56-D82537CAE753}
		{49C7F053-E93C-4A53-BE72-B318471CD937} = {D31C4135-68AE-4DD6-AE56-D82537CAE753}
		{AE50010E-DFA7-4483-A498-66A6A526A346} = {B46DEAC7-AC68-4CBB-B3C3-D9985C17BB3D}
		{9243E903-B661-4888-AC39-51D9445FA86C} = {AE50010E-DFA7-4483-A498-66A6A526A346}
		{1F447BFA-D966-4A1B-8A7F-7371E8C7A6E4} = {0841A0F5-EF28-47EA-9099-35999D6BDEFA}
		{DF0BFB1D-B03B-48A2-B796-99BA9C608EFC} = {CB4FA97C-C310-4A0D-A2B6-F3FEF96D0144}
		{6267DD37-2BF0-4866-913F-E8C862A56901} = {DF0BFB1D-B03B-48A2-B796-99BA9C608EFC}
		{DA78760E-A064-4DBC-B768-2D34840A0BD1} = {DF0BFB1D-B03B-48A2-B796-99BA9C608EFC}
		{A8C54680-99DA-4C22-BFF0-FE0ECCE33AA7} = {DF0BFB1D-B03B-48A2-B796-99BA9C608EFC}
		{BE6FCF87-B290-4F44-B702-E4D5F37FC02F} = {9117C8D8-BDAA-4BE7-A5CC-8C3FA8E03757}
		{F7674DAD-433A-4790-83AE-6C27F512F350} = {9117C8D8-BDAA-4BE7-A5CC-8C3FA8E03757}
		{A4A1FCD4-F878-4CD4-853B-1D13B4AC81EA} = {F7674DAD-433A-4790-83AE-6C27F512F350}
		{A4F83C5A-B013-4468-9616-72DFAC889C04} = {A4A1FCD4-F878-4CD4-853B-1D13B4AC81EA}
		{CF88F2B6-A4DA-4885-BF07-840AF0E319C8} = {9117C8D8-BDAA-4BE7-A5CC-8C3FA8E03757}
		{9CA2D9D8-1445-465F-A0E3-127014356BFD} = {9117C8D8-BDAA-4BE7-A5CC-8C3FA8E03757}
		{DF012585-D980-46BD-8757-4FE065BB074F} = {9117C8D8-BDAA-4BE7-A5CC-8C3FA8E03757}
		{BD534CED-FABF-4B0D-AE37-7DE545DAB723} = {F38BF969-97EF-4A16-8A5A-D3CA41E94D2D}
		{51F7B614-C4B7-41DF-B5F0-CCC0171E8978} = {DE7A00A7-BFFD-4B4A-A54A-2D805FFE414B}
		{AED5C6CD-4B3F-47B7-AC18-F12C77571579} = {9117C8D8-BDAA-4BE7-A5CC-8C3FA8E03757}
		{B3102CF3-F8F3-4F68-89DE-22BB985E63A9} = {DF0BFB1D-B03B-48A2-B796-99BA9C608EFC}
		{73ABCB4C-FB3F-49C2-84AF-3FC233582ADB} = {DF0BFB1D-B03B-48A2-B796-99BA9C608EFC}
		{8B3F5142-6632-4D7F-B205-9616D141B3EC} = {AED5C6CD-4B3F-47B7-AC18-F12C77571579}
		{F38BF969-97EF-4A16-8A5A-D3CA41E94D2D} = {8B3F5142-6632-4D7F-B205-9616D141B3EC}
		{DE7A00A7-BFFD-4B4A-A54A-2D805FFE414B} = {8B3F5142-6632-4D7F-B205-9616D141B3EC}
		{0EBE3EDF-898F-4693-861A-A52C5606DC04} = {AED5C6CD-4B3F-47B7-AC18-F12C77571579}
		{12FC3E80-4A13-4B87-BC58-E839466AF7B3} = {0EBE3EDF-898F-4693-861A-A52C5606DC04}
		{12C31EC5-29AB-4E7A-A493-47448F294176} = {12FC3E80-4A13-4B87-BC58-E839466AF7B3}
		{7D592249-21C7-407A-9240-F9FC4291E877} = {9117C8D8-BDAA-4BE7-A5CC-8C3FA8E03757}
		{D1ED2D1C-5D09-486B-951A-46653B2BA8CD} = {9117C8D8-BDAA-4BE7-A5CC-8C3FA8E03757}
		{F1879BE4-BB9F-B913-C8FF-AFF91A77CBBC} = {0EBE3EDF-898F-4693-861A-A52C5606DC04}
		{914BBDEE-9240-426A-854E-FA33C1E32CF4} = {F1879BE4-BB9F-B913-C8FF-AFF91A77CBBC}
		{E6A06864-F7F3-4248-867A-9A013E20E751} = {DF0BFB1D-B03B-48A2-B796-99BA9C608EFC}
		{256BA938-803D-8B8E-508A-0B09DC3E7B7D} = {AED5C6CD-4B3F-47B7-AC18-F12C77571579}
		{51DFBE21-D80C-4CAE-9810-04C49181BC50} = {256BA938-803D-8B8E-508A-0B09DC3E7B7D}
		{E5EBD93F-91C0-4016-AE0E-E7AEACEB603F} = {256BA938-803D-8B8E-508A-0B09DC3E7B7D}
		{F1C9C8F5-B7FD-504D-D530-9A561D06BFD4} = {56BB4FF8-EDE1-4808-9A51-FE2D98EE6549}
		{6FB68B6D-9F68-FD48-E674-07A74FD400D2} = {F1C9C8F5-B7FD-504D-D530-9A561D06BFD4}
		{15D780A7-58A8-9D67-E29D-6FD3298E7EB0} = {6FB68B6D-9F68-FD48-E674-07A74FD400D2}
		{67CEFB94-72CA-A18C-F9EB-B4DFA098AB43} = {15D780A7-58A8-9D67-E29D-6FD3298E7EB0}
		{32DE0227-03A1-46D7-B69A-2B8E83FFF886} = {67CEFB94-72CA-A18C-F9EB-B4DFA098AB43}
		{36E4E2F2-A338-42B6-BFA4-74AF45315DC9} = {15D780A7-58A8-9D67-E29D-6FD3298E7EB0}
		{0F698BD6-454E-2F85-2B3B-6C82D0DDE483} = {15D780A7-58A8-9D67-E29D-6FD3298E7EB0}
		{56217CD5-D833-4A29-9EDD-1CDFFCF80D6D} = {0F698BD6-454E-2F85-2B3B-6C82D0DDE483}
		{DF1F3BCD-0D35-4110-88B5-32217EF197F1} = {56217CD5-D833-4A29-9EDD-1CDFFCF80D6D}
		{E91FC6F7-47E8-47A5-8D09-FF462C3F5D37} = {9117C8D8-BDAA-4BE7-A5CC-8C3FA8E03757}
		{70E47781-4B4D-4BFF-89D2-1178CBC4E463} = {67CEFB94-72CA-A18C-F9EB-B4DFA098AB43}
		{A1B2C3D4-E5F6-7890-ABCD-EF1234567890} = {0EBE3EDF-898F-4693-861A-A52C5606DC04}
		{D4E5F6A7-B8C9-0123-4567-89ABCDEF0123} = {A1B2C3D4-E5F6-7890-ABCD-EF1234567890}
		{48730B15-A5F9-4540-AA77-953E3C3CAB95} = {C3A202AD-EADD-4864-49DF-ED20E2971546}
		{246A9276-99E1-471B-B0FA-73FEAA340F70} = {67CEFB94-72CA-A18C-F9EB-B4DFA098AB43}
		{C654D13E-ED75-4608-B97D-62BCF60FFBA2} = {67CEFB94-72CA-A18C-F9EB-B4DFA098AB43}
		{6CDAB62A-049B-44DB-93B8-49AD4DB259BD} = {67CEFB94-72CA-A18C-F9EB-B4DFA098AB43}
	EndGlobalSection
EndGlobal
