<!--
Copyright (c) DCSV. All rights reserved.
-->
<Solution>
  <!--
    DÂ²-WORX v2 solution (modern XML format, .NET 10).
    Project list and ordering for the DÂ²-WORX backend â€” every csproj built
    by `dotnet build D2.slnx` is registered here.
  -->
  <Folder Name="/public/packages/" />
  <Folder Name="/public/packages/dotnet/">
    <File Path="public/packages/dotnet/README.md" />
  </Folder>
  <Folder Name="/public/packages/dotnet/aspnetcore/">
    <Project Path="public/packages/dotnet/aspnetcore/DcsvIo.D2.AspNetCore.csproj" />
  </Folder>
  <Folder Name="/public/packages/dotnet/auth/core/">
    <Project Path="public/packages/dotnet/auth/core/DcsvIo.D2.Auth.csproj" />
  </Folder>
  <Folder Name="/public/packages/dotnet/auth/abstractions/">
    <Project Path="public/packages/dotnet/auth/abstractions/DcsvIo.D2.Auth.Abstractions.csproj" />
  </Folder>
  <Folder Name="/public/packages/dotnet/auth/http/">
    <Project Path="public/packages/dotnet/auth/http/DcsvIo.D2.Auth.Http.csproj" />
  </Folder>
  <Folder Name="/public/packages/dotnet/auth/grpc/">
    <Project Path="public/packages/dotnet/auth/grpc/DcsvIo.D2.Auth.Grpc.csproj" />
  </Folder>
  <Folder Name="/public/packages/dotnet/auth/startup/">
    <Project Path="public/packages/dotnet/auth/startup/DcsvIo.D2.Auth.Startup.csproj" />
  </Folder>
  <Folder Name="/public/packages/dotnet/auth/scopes-source-gen/">
    <Project Path="public/packages/dotnet/auth/scopes-source-gen/DcsvIo.D2.Auth.Scopes.SourceGen.csproj" />
  </Folder>
  <Folder Name="/public/packages/dotnet/auth/audiences-source-gen/">
    <Project Path="public/packages/dotnet/auth/audiences-source-gen/DcsvIo.D2.Auth.Audiences.SourceGen.csproj" />
  </Folder>
  <Folder Name="/public/packages/dotnet/auth/protocol-audiences-source-gen/">
    <Project Path="public/packages/dotnet/auth/protocol-audiences-source-gen/DcsvIo.D2.Auth.ProtocolAudiences.SourceGen.csproj" />
  </Folder>
  <Folder Name="/public/packages/dotnet/auth/error-codes-source-gen/">
    <Project Path="public/packages/dotnet/auth/error-codes-source-gen/DcsvIo.D2.Auth.ErrorCodes.SourceGen.csproj" />
  </Folder>
  <Folder Name="/public/packages/dotnet/auth/events/">
    <Project Path="public/packages/dotnet/auth/events/DcsvIo.D2.Auth.Events.csproj" />
  </Folder>
  <Folder Name="/public/packages/dotnet/result/grpc-trailers-source-gen/">
    <Project Path="public/packages/dotnet/result/grpc-trailers-source-gen/DcsvIo.D2.Grpc.Trailers.SourceGen.csproj" />
  </Folder>
  <Folder Name="/public/packages/dotnet/messaging/otel-messaging-tags-source-gen/">
    <Project Path="public/packages/dotnet/messaging/otel-messaging-tags-source-gen/DcsvIo.D2.OtelMessagingTags.SourceGen.csproj" />
  </Folder>
  <Folder Name="/public/packages/dotnet/encryption/domains-source-gen/">
    <Project Path="public/packages/dotnet/encryption/domains-source-gen/DcsvIo.D2.EncryptionDomains.SourceGen.csproj" />
  </Folder>
  <Folder Name="/public/packages/dotnet/messaging/dlq-failure-metadata-source-gen/">
    <Project Path="public/packages/dotnet/messaging/dlq-failure-metadata-source-gen/DcsvIo.D2.Messaging.DlqMetadata.SourceGen.csproj" />
  </Folder>
  <Folder Name="/public/packages/dotnet/encryption/frame-source-gen/">
    <Project Path="public/packages/dotnet/encryption/frame-source-gen/DcsvIo.D2.EncryptionFrame.SourceGen.csproj" />
  </Folder>
  <Folder Name="/public/packages/dotnet/source-gen-shared/error-codes-source-gen/">
    <Project Path="public/packages/dotnet/source-gen-shared/error-codes-source-gen/DcsvIo.D2.Result.ErrorCodes.SourceGen.csproj" />
  </Folder>
  <Folder Name="/public/packages/dotnet/result/envelope-source-gen/">
    <Project Path="public/packages/dotnet/result/envelope-source-gen/DcsvIo.D2.Result.Envelope.SourceGen.csproj" />
  </Folder>
  <Folder Name="/public/packages/dotnet/problem-details/source-gen/">
    <Project Path="public/packages/dotnet/problem-details/source-gen/DcsvIo.D2.ProblemDetails.SourceGen.csproj" />
  </Folder>
  <Folder Name="/public/packages/dotnet/problem-details/abstractions/">
    <Project Path="public/packages/dotnet/problem-details/abstractions/DcsvIo.D2.ProblemDetails.Abstractions.csproj" />
  </Folder>
  <Folder Name="/public/packages/dotnet/source-gen-shared/wire-shapes-source-gen/">
    <Project Path="public/packages/dotnet/source-gen-shared/wire-shapes-source-gen/DcsvIo.D2.WireShapes.SourceGen.csproj" />
  </Folder>
  <Folder Name="/public/packages/dotnet/telemetry/tags-source-gen/">
    <Project Path="public/packages/dotnet/telemetry/tags-source-gen/DcsvIo.D2.Telemetry.Tags.SourceGen.csproj" />
  </Folder>
  <Folder Name="/public/packages/dotnet/auth/outbound/">
    <Project Path="public/packages/dotnet/auth/outbound/DcsvIo.D2.Auth.Outbound.csproj" />
  </Folder>
  <Folder Name="/public/packages/dotnet/auth/context-abstractions/">
    <Project Path="public/packages/dotnet/auth/context-abstractions/DcsvIo.D2.AuthContext.Abstractions.csproj" />
  </Folder>
  <Folder Name="/public/packages/dotnet/context/source-gen/">
    <Project Path="public/packages/dotnet/context/source-gen/DcsvIo.D2.Context.SourceGen.csproj" />
  </Folder>
  <Folder Name="/public/packages/dotnet/messaging/source-gen/">
    <Project Path="public/packages/dotnet/messaging/source-gen/DcsvIo.D2.Messaging.SourceGen.csproj" />
  </Folder>
  <Folder Name="/public/packages/dotnet/caching/abstractions/">
    <Project Path="public/packages/dotnet/caching/abstractions/DcsvIo.D2.Caching.Abstractions.csproj" />
  </Folder>
  <Folder Name="/public/packages/dotnet/caching/local-default/">
    <Project Path="public/packages/dotnet/caching/local-default/DcsvIo.D2.Caching.Local.Default.csproj" />
  </Folder>
  <Folder Name="/public/packages/dotnet/caching/distributed-redis/">
    <Project Path="public/packages/dotnet/caching/distributed-redis/DcsvIo.D2.Caching.Distributed.Redis.csproj" />
  </Folder>
  <Folder Name="/public/packages/dotnet/caching/tiered/">
    <Project Path="public/packages/dotnet/caching/tiered/DcsvIo.D2.Caching.Tiered.csproj" />
  </Folder>
  <Folder Name="/public/packages/dotnet/encryption/core/">
    <Project Path="public/packages/dotnet/encryption/core/DcsvIo.D2.Encryption.csproj" />
  </Folder>
  <Folder Name="/public/packages/dotnet/context/abstractions/">
    <Project Path="public/packages/dotnet/context/abstractions/DcsvIo.D2.Context.Abstractions.csproj" />
  </Folder>
  <Folder Name="/public/packages/dotnet/handler/core/">
    <Project Path="public/packages/dotnet/handler/core/DcsvIo.D2.Handler.csproj" />
  </Folder>
  <Folder Name="/public/packages/dotnet/headers/source-gen/">
    <Project Path="public/packages/dotnet/headers/source-gen/DcsvIo.D2.Headers.SourceGen.csproj" />
  </Folder>
  <Folder Name="/public/packages/dotnet/headers/common/">
    <Project Path="public/packages/dotnet/headers/common/DcsvIo.D2.Headers.Common.csproj" />
  </Folder>
  <Folder Name="/public/packages/dotnet/headers/http/">
    <Project Path="public/packages/dotnet/headers/http/DcsvIo.D2.Headers.Http.csproj" />
  </Folder>
  <Folder Name="/public/packages/dotnet/headers/amqp/">
    <Project Path="public/packages/dotnet/headers/amqp/DcsvIo.D2.Headers.Amqp.csproj" />
  </Folder>
  <Folder Name="/public/packages/dotnet/headers/grpc/">
    <Project Path="public/packages/dotnet/headers/grpc/DcsvIo.D2.Headers.Grpc.csproj" />
  </Folder>
  <Folder Name="/public/packages/dotnet/encryption/in-process-keys-source-gen/">
    <Project Path="public/packages/dotnet/encryption/in-process-keys-source-gen/DcsvIo.D2.InProcessKeys.SourceGen.csproj" />
  </Folder>
  <Folder Name="/public/packages/dotnet/auth/jwt-claims-source-gen/">
    <Project Path="public/packages/dotnet/auth/jwt-claims-source-gen/DcsvIo.D2.Auth.JwtClaims.SourceGen.csproj" />
  </Folder>
  <Folder Name="/public/packages/dotnet/handler/abstractions/">
    <Project Path="public/packages/dotnet/handler/abstractions/DcsvIo.D2.Handler.Abstractions.csproj" />
  </Folder>
  <Folder Name="/public/packages/dotnet/handler/repo/">
    <Project Path="public/packages/dotnet/handler/repo/DcsvIo.D2.Handler.Repo.csproj" />
  </Folder>
  <Folder Name="/public/packages/dotnet/handler/repo-abstractions/">
    <Project Path="public/packages/dotnet/handler/repo-abstractions/DcsvIo.D2.Handler.Repo.Abstractions.csproj" />
  </Folder>
  <Folder Name="/public/packages/dotnet/handler/repo-postgres/">
    <Project Path="public/packages/dotnet/handler/repo-postgres/DcsvIo.D2.Handler.Repo.Postgres.csproj" />
  </Folder>
  <Folder Name="/public/packages/dotnet/i18n/core/">
    <Project Path="public/packages/dotnet/i18n/core/DcsvIo.D2.I18n.csproj" />
  </Folder>
  <Folder Name="/public/packages/dotnet/i18n/abstractions/">
    <Project Path="public/packages/dotnet/i18n/abstractions/DcsvIo.D2.I18n.Abstractions.csproj" />
  </Folder>
  <Folder Name="/public/packages/dotnet/i18n/keys/">
    <Project Path="public/packages/dotnet/i18n/keys/DcsvIo.D2.I18n.Keys.csproj" />
  </Folder>
  <Folder Name="/public/packages/dotnet/i18n/source-gen/">
    <Project Path="public/packages/dotnet/i18n/source-gen/DcsvIo.D2.I18n.SourceGen.csproj" />
  </Folder>
  <Folder Name="/public/packages/dotnet/geo/abstractions/">
    <Project Path="public/packages/dotnet/geo/abstractions/DcsvIo.D2.Geo.Abstractions.csproj" />
  </Folder>
  <Folder Name="/public/packages/dotnet/geo/default/">
    <Project Path="public/packages/dotnet/geo/default/DcsvIo.D2.Geo.Default.csproj" />
  </Folder>
  <Folder Name="/public/packages/dotnet/geo/source-gen/">
    <Project Path="public/packages/dotnet/geo/source-gen/DcsvIo.D2.Geo.SourceGen.csproj" />
  </Folder>
  <Folder Name="/public/packages/dotnet/error-codes/category/">
    <Project Path="public/packages/dotnet/error-codes/category/DcsvIo.D2.ErrorCodes.Category.csproj" />
  </Folder>
  <Folder Name="/public/packages/dotnet/error-codes/category-source-gen/">
    <Project Path="public/packages/dotnet/error-codes/category-source-gen/DcsvIo.D2.ErrorCodes.Category.SourceGen.csproj" />
  </Folder>
  <Folder Name="/public/packages/dotnet/error-codes/registry/">
    <Project Path="public/packages/dotnet/error-codes/registry/DcsvIo.D2.ErrorCodes.Registry.csproj" />
  </Folder>
  <Folder Name="/public/packages/dotnet/error-codes/registry-source-gen/">
    <Project Path="public/packages/dotnet/error-codes/registry-source-gen/DcsvIo.D2.ErrorCodes.Registry.SourceGen.csproj" />
  </Folder>
  <Folder Name="/public/packages/dotnet/logging/">
    <Project Path="public/packages/dotnet/logging/DcsvIo.D2.Logging.csproj" />
  </Folder>
  <Folder Name="/public/packages/dotnet/messaging/abstractions/">
    <Project Path="public/packages/dotnet/messaging/abstractions/DcsvIo.D2.Messaging.Abstractions.csproj" />
  </Folder>
  <Folder Name="/public/packages/dotnet/messaging/rabbitmq/">
    <Project Path="public/packages/dotnet/messaging/rabbitmq/DcsvIo.D2.Messaging.RabbitMq.csproj" />
  </Folder>
  <Folder Name="/public/packages/dotnet/resilience/">
    <Project Path="public/packages/dotnet/resilience/DcsvIo.D2.Resilience.csproj" />
  </Folder>
  <Folder Name="/public/packages/dotnet/result/core/">
    <Project Path="public/packages/dotnet/result/core/DcsvIo.D2.Result.csproj" />
  </Folder>
  <Folder Name="/public/packages/dotnet/result/grpc/">
    <Project Path="public/packages/dotnet/result/grpc/DcsvIo.D2.Result.Grpc.csproj" />
  </Folder>
  <Folder Name="/public/packages/dotnet/service-defaults/">
    <Project Path="public/packages/dotnet/service-defaults/DcsvIo.D2.ServiceDefaults.csproj" />
  </Folder>
  <Folder Name="/public/packages/dotnet/telemetry/core/">
    <Project Path="public/packages/dotnet/telemetry/core/DcsvIo.D2.Telemetry.csproj" />
  </Folder>
  <Folder Name="/public/packages/dotnet/time/">
    <Project Path="public/packages/dotnet/time/DcsvIo.D2.Time.csproj" />
  </Folder>
  <Folder Name="/public/packages/dotnet/location/core/">
    <Project Path="public/packages/dotnet/location/core/DcsvIo.D2.Location.csproj" />
  </Folder>
  <Folder Name="/public/packages/dotnet/location/entity-framework-core/">
    <Project Path="public/packages/dotnet/location/entity-framework-core/DcsvIo.D2.Location.EntityFrameworkCore.csproj" />
  </Folder>
  <Folder Name="/public/packages/dotnet/data-governance/abstractions/">
    <Project Path="public/packages/dotnet/data-governance/abstractions/DcsvIo.D2.DataGovernance.Abstractions.csproj" />
  </Folder>
  <Folder Name="/public/packages/dotnet/data-governance/entity-framework-core/">
    <Project Path="public/packages/dotnet/data-governance/entity-framework-core/DcsvIo.D2.DataGovernance.EntityFrameworkCore.csproj" />
  </Folder>
  <Folder Name="/public/packages/dotnet/entity-framework-core/core/">
    <Project Path="public/packages/dotnet/entity-framework-core/core/DcsvIo.D2.EntityFrameworkCore.csproj" />
  </Folder>
  <Folder Name="/public/packages/dotnet/entity-framework-core/postgres/">
    <Project Path="public/packages/dotnet/entity-framework-core/postgres/DcsvIo.D2.EntityFrameworkCore.Postgres.csproj" />
  </Folder>
  <Folder Name="/public/packages/dotnet/entity-framework-core/locks-source-gen/">
    <Project Path="public/packages/dotnet/entity-framework-core/locks-source-gen/DcsvIo.D2.AdvisoryLocks.SourceGen.csproj" />
  </Folder>
  <Folder Name="/public/packages/dotnet/validation/abstractions/">
    <Project Path="public/packages/dotnet/validation/abstractions/DcsvIo.D2.Validation.Abstractions.csproj" />
  </Folder>
  <Folder Name="/public/packages/dotnet/validation/source-gen/">
    <Project Path="public/packages/dotnet/validation/source-gen/DcsvIo.D2.Validation.SourceGen.csproj" />
  </Folder>
  <Folder Name="/public/packages/dotnet/validation/default/">
    <Project Path="public/packages/dotnet/validation/default/DcsvIo.D2.Validation.csproj" />
  </Folder>
  <Folder Name="/public/packages/dotnet/contacts/core/">
    <Project Path="public/packages/dotnet/contacts/core/DcsvIo.D2.Contacts.csproj" />
  </Folder>
  <Folder Name="/public/packages/dotnet/contacts/entity-framework-core/">
    <Project Path="public/packages/dotnet/contacts/entity-framework-core/DcsvIo.D2.Contacts.EntityFrameworkCore.csproj" />
  </Folder>
  <Folder Name="/public/packages/dotnet/tests/">
    <Project Path="public/packages/dotnet/tests/DcsvIo.D2.Tests.csproj" />
  </Folder>
  <Folder Name="/public/packages/dotnet/utilities/">
    <Project Path="public/packages/dotnet/utilities/DcsvIo.D2.Utilities.csproj" />
  </Folder>
  <Folder Name="/public/packages/dotnet/workload-identity/">
    <Project Path="public/packages/dotnet/workload-identity/DcsvIo.D2.Spiffe.csproj" />
  </Folder>
  <Folder Name="/private/services/" />
  <Folder Name="/private/services/edge/" />
  <Folder Name="/private/services/edge/domain/">
    <Project Path="private/services/edge/domain/DcsvIo.D2.Private.Edge.Domain.csproj" />
  </Folder>
  <Folder Name="/private/services/edge/app/">
    <Project Path="private/services/edge/app/DcsvIo.D2.Private.Edge.App.csproj" />
  </Folder>
  <Folder Name="/private/services/edge/infra/">
    <Project Path="private/services/edge/infra/DcsvIo.D2.Private.Edge.Infra.csproj" />
  </Folder>
  <Folder Name="/private/services/edge/api/">
    <Project Path="private/services/edge/api/DcsvIo.D2.Private.Edge.Api.csproj" />
  </Folder>
  <Folder Name="/private/services/edge/key-custodian/domain/">
    <Project Path="private/services/edge/key-custodian/domain/DcsvIo.D2.Private.Edge.KeyCustodian.Domain.csproj" />
  </Folder>
  <Folder Name="/private/services/edge/key-custodian/error-codes-source-gen/">
    <Project Path="private/services/edge/key-custodian/error-codes-source-gen/DcsvIo.D2.Private.Edge.KeyCustodian.ErrorCodes.SourceGen.csproj" />
  </Folder>
  <Folder Name="/private/services/edge/key-custodian/app/">
    <Project Path="private/services/edge/key-custodian/app/DcsvIo.D2.Private.Edge.KeyCustodian.App.csproj" />
  </Folder>
  <Folder Name="/private/services/edge/key-custodian/infra/">
    <Project Path="private/services/edge/key-custodian/infra/DcsvIo.D2.Private.Edge.KeyCustodian.Infra.csproj" />
  </Folder>
  <Folder Name="/private/services/edge/key-custodian/client/">
    <Project Path="private/services/edge/key-custodian/client/DcsvIo.D2.Private.Edge.KeyCustodian.Client.csproj" />
  </Folder>
  <Folder Name="/private/services/edge/tests/">
    <Project Path="private/services/edge/tests/DcsvIo.D2.Private.Edge.Tests.csproj" />
  </Folder>
  <Folder Name="/private/services/audit/" />
  <Folder Name="/private/services/audit/domain/">
    <Project Path="private/services/audit/domain/DcsvIo.D2.Private.Audit.Domain.csproj" />
  </Folder>
  <Folder Name="/private/services/audit/app/">
    <Project Path="private/services/audit/app/DcsvIo.D2.Private.Audit.App.csproj" />
  </Folder>
  <Folder Name="/private/services/audit/infra/">
    <Project Path="private/services/audit/infra/DcsvIo.D2.Private.Audit.Infra.csproj" />
  </Folder>
  <Folder Name="/private/services/audit/api/">
    <Project Path="private/services/audit/api/DcsvIo.D2.Private.Audit.Api.csproj" />
  </Folder>
  <Folder Name="/private/services/audit/clients/dotnet/">
    <Project Path="private/services/audit/clients/dotnet/DcsvIo.D2.Private.Audit.Client.csproj" />
  </Folder>
  <Folder Name="/private/services/audit/tests/">
    <Project Path="private/services/audit/tests/DcsvIo.D2.Private.Audit.Tests.csproj" />
  </Folder>

  <Folder Name="/private/packages/dotnet/auth/abstractions-extensions/">
    <Project Path="private/packages/dotnet/auth/abstractions-extensions/DcsvIo.D2.Private.Auth.Abstractions.Extensions.csproj" />
  </Folder>
  <Folder Name="/private/packages/dotnet/encryption/extensions/">
    <Project Path="private/packages/dotnet/encryption/extensions/DcsvIo.D2.Private.Encryption.Extensions.csproj" />
  </Folder>
  <Folder Name="/private/packages/dotnet/i18n/keys-extensions/">
    <Project Path="private/packages/dotnet/i18n/keys-extensions/DcsvIo.D2.Private.I18n.Keys.Extensions.csproj" />
  </Folder>
  <Folder Name="/private/packages/dotnet/tests/">
    <Project Path="private/packages/dotnet/tests/DcsvIo.D2.Private.Packages.Tests.csproj" />
  </Folder>
</Solution>