
Microsoft Visual Studio Solution File, Format Version 12.00
Project("{FAE04EC0-301F-11D3-BF4B-00C04F79EFBC}") = "AppHost", "backends\AppHost\AppHost.csproj", "{FF327366-ECAD-46CA-A355-7F8F05B754AF}"
EndProject
Project("{FAE04EC0-301F-11D3-BF4B-00C04F79EFBC}") = "ServiceDefaults", "backends\Contracts\ServiceDefaults\ServiceDefaults.csproj", "{5B4C1A23-E467-42C7-933A-3894453C25F8}"
EndProject
Project("{FAE04EC0-301F-11D3-BF4B-00C04F79EFBC}") = "REST", "backends\Gateways\REST\REST.csproj", "{71BF6E5F-B766-4538-8679-AB8F3A837691}"
EndProject
Project("{FAE04EC0-301F-11D3-BF4B-00C04F79EFBC}") = "IntegrationTests", "backends\Testing\IntegrationTests.csproj", "{52C783E8-0A28-4354-AEC4-8CC4D53237C9}"
EndProject
Project("{2150E333-8FDC-42A3-9474-1A3956D46DE8}") = "Contracts", "Contracts", "{9117C8D8-BDAA-4BE7-A5CC-8C3FA8E03757}"
EndProject
Project("{2150E333-8FDC-42A3-9474-1A3956D46DE8}") = "Gateways", "Gateways", "{9C8D599B-0BEC-47AC-AD6F-8D9739CD6600}"
EndProject
Project("{FAE04EC0-301F-11D3-BF4B-00C04F79EFBC}") = "Utilities", "backends\Contracts\Utilities\Utilities.csproj", "{128D424D-3BD8-42FF-BA2B-77A2795AD703}"
EndProject
Project("{2150E333-8FDC-42A3-9474-1A3956D46DE8}") = "Services", "Services", "{CB4FA97C-C310-4A0D-A2B6-F3FEF96D0144}"
EndProject
Project("{2150E333-8FDC-42A3-9474-1A3956D46DE8}") = "Auth", "Auth", "{CA8869A6-B1C7-493C-BEB3-0D37219B4F8C}"
EndProject
Project("{FAE04EC0-301F-11D3-BF4B-00C04F79EFBC}") = "Auth.API", "backends\Services\Auth\Auth.API\Auth.API.csproj", "{8648C66A-4224-453C-89B3-B9D034690EAF}"
EndProject
Project("{FAE04EC0-301F-11D3-BF4B-00C04F79EFBC}") = "Auth.Domain", "backends\Services\Auth\Auth.Domain\Auth.Domain.csproj", "{051525A0-46C3-4142-9B49-402B2D1BF349}"
EndProject
Project("{FAE04EC0-301F-11D3-BF4B-00C04F79EFBC}") = "Auth.Infra", "backends\Services\Auth\Auth.Infra\Auth.Infra.csproj", "{22256EAA-AD8A-4338-8BA7-23C8B5030849}"
EndProject
Project("{FAE04EC0-301F-11D3-BF4B-00C04F79EFBC}") = "Auth.Tests", "backends\Services\Auth\Auth.Tests\Auth.Tests.csproj", "{F6A07BF8-5938-4E95-B5A7-17CA58DE9956}"
EndProject
Project("{2150E333-8FDC-42A3-9474-1A3956D46DE8}") = "SolutionItems", "SolutionItems", "{C6AC4C7D-8095-401E-A44D-E6E05CD4F916}"
	ProjectSection(SolutionItems) = preProject
		CONTRIBUTING.md = CONTRIBUTING.md
		LICENSE.md = LICENSE.md
		README.md = README.md
	EndProjectSection
EndProject
Project("{2150E333-8FDC-42A3-9474-1A3956D46DE8}") = "Observability", "Observability", "{B46DEAC7-AC68-4CBB-B3C3-D9985C17BB3D}"
EndProject
Project("{2150E333-8FDC-42A3-9474-1A3956D46DE8}") = "Loki", "Loki", "{715DE28A-4990-4585-9C72-5DF09F05B05F}"
EndProject
Project("{2150E333-8FDC-42A3-9474-1A3956D46DE8}") = "Grafana", "Grafana", "{351EDC8E-73CA-42A5-8A9E-56F430091478}"
EndProject
Project("{2150E333-8FDC-42A3-9474-1A3956D46DE8}") = "Tempo", "Tempo", "{C82FA7F4-98DC-4366-8122-1040D686CBF2}"
EndProject
Project("{2150E333-8FDC-42A3-9474-1A3956D46DE8}") = "Mimir", "Mimir", "{AA27FE9C-D7D6-4261-9CE1-69DAF988D359}"
EndProject
Project("{2150E333-8FDC-42A3-9474-1A3956D46DE8}") = "Provisioning", "Provisioning", "{D31C4135-68AE-4DD6-AE56-D82537CAE753}"
EndProject
Project("{2150E333-8FDC-42A3-9474-1A3956D46DE8}") = "Config", "Config", "{5B5EDC4B-AC8C-4418-8564-EECF5BE1DB22}"
	ProjectSection(SolutionItems) = preProject
		observability\loki\config\loki.yaml = observability\loki\config\loki.yaml
	EndProjectSection
EndProject
Project("{2150E333-8FDC-42A3-9474-1A3956D46DE8}") = "Config", "Config", "{DE8EF225-5167-4E55-9CDC-3AB69D28B521}"
	ProjectSection(SolutionItems) = preProject
		observability\mimir\config\mimir.yaml = observability\mimir\config\mimir.yaml
	EndProjectSection
EndProject
Project("{2150E333-8FDC-42A3-9474-1A3956D46DE8}") = "Config", "Config", "{7F994A2F-1C9C-45D7-A182-77C2EC2A42AC}"
	ProjectSection(SolutionItems) = preProject
		observability\tempo\config\tempo.yaml = observability\tempo\config\tempo.yaml
	EndProjectSection
EndProject
Project("{2150E333-8FDC-42A3-9474-1A3956D46DE8}") = "Dashboards", "Dashboards", "{0841A0F5-EF28-47EA-9099-35999D6BDEFA}"
	ProjectSection(SolutionItems) = preProject
		observability\grafana\provisioning\dashboards\dashboards.yaml = observability\grafana\provisioning\dashboards\dashboards.yaml
	EndProjectSection
EndProject
Project("{2150E333-8FDC-42A3-9474-1A3956D46DE8}") = "Datasources", "Datasources", "{49C7F053-E93C-4A53-BE72-B318471CD937}"
	ProjectSection(SolutionItems) = preProject
		observability\grafana\provisioning\datasources\datasources.yaml = observability\grafana\provisioning\datasources\datasources.yaml
	EndProjectSection
EndProject
Project("{2150E333-8FDC-42A3-9474-1A3956D46DE8}") = "Alloy", "Alloy", "{AE50010E-DFA7-4483-A498-66A6A526A346}"
EndProject
Project("{2150E333-8FDC-42A3-9474-1A3956D46DE8}") = "Config", "Config", "{9243E903-B661-4888-AC39-51D9445FA86C}"
	ProjectSection(SolutionItems) = preProject
		observability\alloy\config\config.alloy = observability\alloy\config\config.alloy
	EndProjectSection
EndProject
Global
	GlobalSection(SolutionConfigurationPlatforms) = preSolution
		Debug|Any CPU = Debug|Any CPU
		Release|Any CPU = Release|Any CPU
	EndGlobalSection
	GlobalSection(ProjectConfigurationPlatforms) = postSolution
		{FF327366-ECAD-46CA-A355-7F8F05B754AF}.Debug|Any CPU.ActiveCfg = Debug|Any CPU
		{FF327366-ECAD-46CA-A355-7F8F05B754AF}.Debug|Any CPU.Build.0 = Debug|Any CPU
		{FF327366-ECAD-46CA-A355-7F8F05B754AF}.Release|Any CPU.ActiveCfg = Release|Any CPU
		{FF327366-ECAD-46CA-A355-7F8F05B754AF}.Release|Any CPU.Build.0 = Release|Any CPU
		{5B4C1A23-E467-42C7-933A-3894453C25F8}.Debug|Any CPU.ActiveCfg = Debug|Any CPU
		{5B4C1A23-E467-42C7-933A-3894453C25F8}.Debug|Any CPU.Build.0 = Debug|Any CPU
		{5B4C1A23-E467-42C7-933A-3894453C25F8}.Release|Any CPU.ActiveCfg = Release|Any CPU
		{5B4C1A23-E467-42C7-933A-3894453C25F8}.Release|Any CPU.Build.0 = Release|Any CPU
		{71BF6E5F-B766-4538-8679-AB8F3A837691}.Debug|Any CPU.ActiveCfg = Debug|Any CPU
		{71BF6E5F-B766-4538-8679-AB8F3A837691}.Debug|Any CPU.Build.0 = Debug|Any CPU
		{71BF6E5F-B766-4538-8679-AB8F3A837691}.Release|Any CPU.ActiveCfg = Release|Any CPU
		{71BF6E5F-B766-4538-8679-AB8F3A837691}.Release|Any CPU.Build.0 = Release|Any CPU
		{52C783E8-0A28-4354-AEC4-8CC4D53237C9}.Debug|Any CPU.ActiveCfg = Debug|Any CPU
		{52C783E8-0A28-4354-AEC4-8CC4D53237C9}.Debug|Any CPU.Build.0 = Debug|Any CPU
		{52C783E8-0A28-4354-AEC4-8CC4D53237C9}.Release|Any CPU.ActiveCfg = Release|Any CPU
		{52C783E8-0A28-4354-AEC4-8CC4D53237C9}.Release|Any CPU.Build.0 = Release|Any CPU
		{128D424D-3BD8-42FF-BA2B-77A2795AD703}.Debug|Any CPU.ActiveCfg = Debug|Any CPU
		{128D424D-3BD8-42FF-BA2B-77A2795AD703}.Debug|Any CPU.Build.0 = Debug|Any CPU
		{128D424D-3BD8-42FF-BA2B-77A2795AD703}.Release|Any CPU.ActiveCfg = Release|Any CPU
		{128D424D-3BD8-42FF-BA2B-77A2795AD703}.Release|Any CPU.Build.0 = Release|Any CPU
		{8648C66A-4224-453C-89B3-B9D034690EAF}.Debug|Any CPU.ActiveCfg = Debug|Any CPU
		{8648C66A-4224-453C-89B3-B9D034690EAF}.Debug|Any CPU.Build.0 = Debug|Any CPU
		{8648C66A-4224-453C-89B3-B9D034690EAF}.Release|Any CPU.ActiveCfg = Release|Any CPU
		{8648C66A-4224-453C-89B3-B9D034690EAF}.Release|Any CPU.Build.0 = Release|Any CPU
		{051525A0-46C3-4142-9B49-402B2D1BF349}.Debug|Any CPU.ActiveCfg = Debug|Any CPU
		{051525A0-46C3-4142-9B49-402B2D1BF349}.Debug|Any CPU.Build.0 = Debug|Any CPU
		{051525A0-46C3-4142-9B49-402B2D1BF349}.Release|Any CPU.ActiveCfg = Release|Any CPU
		{051525A0-46C3-4142-9B49-402B2D1BF349}.Release|Any CPU.Build.0 = Release|Any CPU
		{22256EAA-AD8A-4338-8BA7-23C8B5030849}.Debug|Any CPU.ActiveCfg = Debug|Any CPU
		{22256EAA-AD8A-4338-8BA7-23C8B5030849}.Debug|Any CPU.Build.0 = Debug|Any CPU
		{22256EAA-AD8A-4338-8BA7-23C8B5030849}.Release|Any CPU.ActiveCfg = Release|Any CPU
		{22256EAA-AD8A-4338-8BA7-23C8B5030849}.Release|Any CPU.Build.0 = Release|Any CPU
		{F6A07BF8-5938-4E95-B5A7-17CA58DE9956}.Debug|Any CPU.ActiveCfg = Debug|Any CPU
		{F6A07BF8-5938-4E95-B5A7-17CA58DE9956}.Debug|Any CPU.Build.0 = Debug|Any CPU
		{F6A07BF8-5938-4E95-B5A7-17CA58DE9956}.Release|Any CPU.ActiveCfg = Release|Any CPU
		{F6A07BF8-5938-4E95-B5A7-17CA58DE9956}.Release|Any CPU.Build.0 = Release|Any CPU
	EndGlobalSection
	GlobalSection(NestedProjects) = preSolution
		{5B4C1A23-E467-42C7-933A-3894453C25F8} = {9117C8D8-BDAA-4BE7-A5CC-8C3FA8E03757}
		{71BF6E5F-B766-4538-8679-AB8F3A837691} = {9C8D599B-0BEC-47AC-AD6F-8D9739CD6600}
		{128D424D-3BD8-42FF-BA2B-77A2795AD703} = {9117C8D8-BDAA-4BE7-A5CC-8C3FA8E03757}
		{CA8869A6-B1C7-493C-BEB3-0D37219B4F8C} = {CB4FA97C-C310-4A0D-A2B6-F3FEF96D0144}
		{8648C66A-4224-453C-89B3-B9D034690EAF} = {CA8869A6-B1C7-493C-BEB3-0D37219B4F8C}
		{051525A0-46C3-4142-9B49-402B2D1BF349} = {CA8869A6-B1C7-493C-BEB3-0D37219B4F8C}
		{22256EAA-AD8A-4338-8BA7-23C8B5030849} = {CA8869A6-B1C7-493C-BEB3-0D37219B4F8C}
		{F6A07BF8-5938-4E95-B5A7-17CA58DE9956} = {CA8869A6-B1C7-493C-BEB3-0D37219B4F8C}
		{715DE28A-4990-4585-9C72-5DF09F05B05F} = {B46DEAC7-AC68-4CBB-B3C3-D9985C17BB3D}
		{351EDC8E-73CA-42A5-8A9E-56F430091478} = {B46DEAC7-AC68-4CBB-B3C3-D9985C17BB3D}
		{C82FA7F4-98DC-4366-8122-1040D686CBF2} = {B46DEAC7-AC68-4CBB-B3C3-D9985C17BB3D}
		{AA27FE9C-D7D6-4261-9CE1-69DAF988D359} = {B46DEAC7-AC68-4CBB-B3C3-D9985C17BB3D}
		{D31C4135-68AE-4DD6-AE56-D82537CAE753} = {351EDC8E-73CA-42A5-8A9E-56F430091478}
		{5B5EDC4B-AC8C-4418-8564-EECF5BE1DB22} = {715DE28A-4990-4585-9C72-5DF09F05B05F}
		{DE8EF225-5167-4E55-9CDC-3AB69D28B521} = {AA27FE9C-D7D6-4261-9CE1-69DAF988D359}
		{7F994A2F-1C9C-45D7-A182-77C2EC2A42AC} = {C82FA7F4-98DC-4366-8122-1040D686CBF2}
		{0841A0F5-EF28-47EA-9099-35999D6BDEFA} = {D31C4135-68AE-4DD6-AE56-D82537CAE753}
		{49C7F053-E93C-4A53-BE72-B318471CD937} = {D31C4135-68AE-4DD6-AE56-D82537CAE753}
		{AE50010E-DFA7-4483-A498-66A6A526A346} = {B46DEAC7-AC68-4CBB-B3C3-D9985C17BB3D}
		{9243E903-B661-4888-AC39-51D9445FA86C} = {AE50010E-DFA7-4483-A498-66A6A526A346}
	EndGlobalSection
EndGlobal
