<!--
Copyright (c) DCSV. All rights reserved.
-->
<Solution>
  <!-- Public-only solution. Paths relative to public/. -->
  <Folder Name="/packages/dotnet/aspnetcore/">
    <Project Path="packages/dotnet/aspnetcore/D2.Shared.AspNetCore.csproj" />
  </Folder>
  <Folder Name="/packages/dotnet/auth/core/">
    <Project Path="packages/dotnet/auth/core/D2.Shared.Auth.csproj" />
  </Folder>
  <Folder Name="/packages/dotnet/auth/abstractions/">
    <Project Path="packages/dotnet/auth/abstractions/D2.Shared.Auth.Abstractions.csproj" />
  </Folder>
  <Folder Name="/packages/dotnet/auth/http/">
    <Project Path="packages/dotnet/auth/http/D2.Shared.Auth.Http.csproj" />
  </Folder>
  <Folder Name="/packages/dotnet/auth/grpc/">
    <Project Path="packages/dotnet/auth/grpc/D2.Shared.Auth.Grpc.csproj" />
  </Folder>
  <Folder Name="/packages/dotnet/auth/startup/">
    <Project Path="packages/dotnet/auth/startup/D2.Shared.Auth.Startup.csproj" />
  </Folder>
  <Folder Name="/packages/dotnet/auth/scopes-source-gen/">
    <Project Path="packages/dotnet/auth/scopes-source-gen/D2.Shared.Auth.Scopes.SourceGen.csproj" />
  </Folder>
  <Folder Name="/packages/dotnet/auth/audiences-source-gen/">
    <Project Path="packages/dotnet/auth/audiences-source-gen/D2.Shared.Auth.Audiences.SourceGen.csproj" />
  </Folder>
  <Folder Name="/packages/dotnet/auth/protocol-audiences-source-gen/">
    <Project Path="packages/dotnet/auth/protocol-audiences-source-gen/D2.Shared.Auth.ProtocolAudiences.SourceGen.csproj" />
  </Folder>
  <Folder Name="/packages/dotnet/auth/error-codes-source-gen/">
    <Project Path="packages/dotnet/auth/error-codes-source-gen/D2.Shared.Auth.ErrorCodes.SourceGen.csproj" />
  </Folder>
  <Folder Name="/packages/dotnet/auth/events/">
    <Project Path="packages/dotnet/auth/events/D2.Shared.Auth.Events.csproj" />
  </Folder>
  <Folder Name="/packages/dotnet/result/grpc-trailers-source-gen/">
    <Project Path="packages/dotnet/result/grpc-trailers-source-gen/D2.Shared.Grpc.Trailers.SourceGen.csproj" />
  </Folder>
  <Folder Name="/packages/dotnet/messaging/otel-messaging-tags-source-gen/">
    <Project Path="packages/dotnet/messaging/otel-messaging-tags-source-gen/D2.Shared.OtelMessagingTags.SourceGen.csproj" />
  </Folder>
  <Folder Name="/packages/dotnet/encryption/domains-source-gen/">
    <Project Path="packages/dotnet/encryption/domains-source-gen/D2.Shared.EncryptionDomains.SourceGen.csproj" />
  </Folder>
  <Folder Name="/packages/dotnet/messaging/dlq-failure-metadata-source-gen/">
    <Project Path="packages/dotnet/messaging/dlq-failure-metadata-source-gen/D2.Shared.Messaging.DlqMetadata.SourceGen.csproj" />
  </Folder>
  <Folder Name="/packages/dotnet/encryption/frame-source-gen/">
    <Project Path="packages/dotnet/encryption/frame-source-gen/D2.Shared.EncryptionFrame.SourceGen.csproj" />
  </Folder>
  <Folder Name="/packages/dotnet/source-gen-shared/error-codes-source-gen/">
    <Project Path="packages/dotnet/source-gen-shared/error-codes-source-gen/D2.Shared.Result.ErrorCodes.SourceGen.csproj" />
  </Folder>
  <Folder Name="/packages/dotnet/result/envelope-source-gen/">
    <Project Path="packages/dotnet/result/envelope-source-gen/D2.Shared.Result.Envelope.SourceGen.csproj" />
  </Folder>
  <Folder Name="/packages/dotnet/problem-details/source-gen/">
    <Project Path="packages/dotnet/problem-details/source-gen/D2.Shared.ProblemDetails.SourceGen.csproj" />
  </Folder>
  <Folder Name="/packages/dotnet/problem-details/abstractions/">
    <Project Path="packages/dotnet/problem-details/abstractions/D2.Shared.ProblemDetails.Abstractions.csproj" />
  </Folder>
  <Folder Name="/packages/dotnet/source-gen-shared/wire-shapes-source-gen/">
    <Project Path="packages/dotnet/source-gen-shared/wire-shapes-source-gen/D2.Shared.WireShapes.SourceGen.csproj" />
  </Folder>
  <Folder Name="/packages/dotnet/telemetry/tags-source-gen/">
    <Project Path="packages/dotnet/telemetry/tags-source-gen/D2.Shared.Telemetry.Tags.SourceGen.csproj" />
  </Folder>
  <Folder Name="/packages/dotnet/auth/outbound/">
    <Project Path="packages/dotnet/auth/outbound/D2.Shared.Auth.Outbound.csproj" />
  </Folder>
  <Folder Name="/packages/dotnet/auth/context-abstractions/">
    <Project Path="packages/dotnet/auth/context-abstractions/D2.Shared.AuthContext.Abstractions.csproj" />
  </Folder>
  <Folder Name="/packages/dotnet/context/source-gen/">
    <Project Path="packages/dotnet/context/source-gen/D2.Shared.Context.SourceGen.csproj" />
  </Folder>
  <Folder Name="/packages/dotnet/messaging/source-gen/">
    <Project Path="packages/dotnet/messaging/source-gen/D2.Shared.Messaging.SourceGen.csproj" />
  </Folder>
  <Folder Name="/packages/dotnet/caching/abstractions/">
    <Project Path="packages/dotnet/caching/abstractions/D2.Shared.Caching.Abstractions.csproj" />
  </Folder>
  <Folder Name="/packages/dotnet/caching/local-default/">
    <Project Path="packages/dotnet/caching/local-default/D2.Shared.Caching.Local.Default.csproj" />
  </Folder>
  <Folder Name="/packages/dotnet/caching/distributed-redis/">
    <Project Path="packages/dotnet/caching/distributed-redis/D2.Shared.Caching.Distributed.Redis.csproj" />
  </Folder>
  <Folder Name="/packages/dotnet/caching/tiered/">
    <Project Path="packages/dotnet/caching/tiered/D2.Shared.Caching.Tiered.csproj" />
  </Folder>
  <Folder Name="/packages/dotnet/encryption/core/">
    <Project Path="packages/dotnet/encryption/core/D2.Shared.Encryption.csproj" />
  </Folder>
  <Folder Name="/packages/dotnet/context/abstractions/">
    <Project Path="packages/dotnet/context/abstractions/D2.Shared.Context.Abstractions.csproj" />
  </Folder>
  <Folder Name="/packages/dotnet/handler/core/">
    <Project Path="packages/dotnet/handler/core/D2.Shared.Handler.csproj" />
  </Folder>
  <Folder Name="/packages/dotnet/headers/source-gen/">
    <Project Path="packages/dotnet/headers/source-gen/D2.Shared.Headers.SourceGen.csproj" />
  </Folder>
  <Folder Name="/packages/dotnet/headers/common/">
    <Project Path="packages/dotnet/headers/common/D2.Shared.Headers.Common.csproj" />
  </Folder>
  <Folder Name="/packages/dotnet/headers/http/">
    <Project Path="packages/dotnet/headers/http/D2.Shared.Headers.Http.csproj" />
  </Folder>
  <Folder Name="/packages/dotnet/headers/amqp/">
    <Project Path="packages/dotnet/headers/amqp/D2.Shared.Headers.Amqp.csproj" />
  </Folder>
  <Folder Name="/packages/dotnet/headers/grpc/">
    <Project Path="packages/dotnet/headers/grpc/D2.Shared.Headers.Grpc.csproj" />
  </Folder>
  <Folder Name="/packages/dotnet/encryption/in-process-keys-source-gen/">
    <Project Path="packages/dotnet/encryption/in-process-keys-source-gen/D2.Shared.InProcessKeys.SourceGen.csproj" />
  </Folder>
  <Folder Name="/packages/dotnet/auth/jwt-claims-source-gen/">
    <Project Path="packages/dotnet/auth/jwt-claims-source-gen/D2.Shared.Auth.JwtClaims.SourceGen.csproj" />
  </Folder>
  <Folder Name="/packages/dotnet/handler/abstractions/">
    <Project Path="packages/dotnet/handler/abstractions/D2.Shared.Handler.Abstractions.csproj" />
  </Folder>
  <Folder Name="/packages/dotnet/handler/repo/">
    <Project Path="packages/dotnet/handler/repo/D2.Shared.Handler.Repo.csproj" />
  </Folder>
  <Folder Name="/packages/dotnet/handler/repo-abstractions/">
    <Project Path="packages/dotnet/handler/repo-abstractions/D2.Shared.Handler.Repo.Abstractions.csproj" />
  </Folder>
  <Folder Name="/packages/dotnet/handler/repo-postgres/">
    <Project Path="packages/dotnet/handler/repo-postgres/D2.Shared.Handler.Repo.Postgres.csproj" />
  </Folder>
  <Folder Name="/packages/dotnet/i18n/core/">
    <Project Path="packages/dotnet/i18n/core/D2.Shared.I18n.csproj" />
  </Folder>
  <Folder Name="/packages/dotnet/i18n/abstractions/">
    <Project Path="packages/dotnet/i18n/abstractions/D2.Shared.I18n.Abstractions.csproj" />
  </Folder>
  <Folder Name="/packages/dotnet/i18n/keys/">
    <Project Path="packages/dotnet/i18n/keys/D2.Shared.I18n.Keys.csproj" />
  </Folder>
  <Folder Name="/packages/dotnet/i18n/source-gen/">
    <Project Path="packages/dotnet/i18n/source-gen/D2.Shared.I18n.SourceGen.csproj" />
  </Folder>
  <Folder Name="/packages/dotnet/geo/abstractions/">
    <Project Path="packages/dotnet/geo/abstractions/D2.Shared.Geo.Abstractions.csproj" />
  </Folder>
  <Folder Name="/packages/dotnet/geo/default/">
    <Project Path="packages/dotnet/geo/default/D2.Shared.Geo.Default.csproj" />
  </Folder>
  <Folder Name="/packages/dotnet/geo/source-gen/">
    <Project Path="packages/dotnet/geo/source-gen/D2.Shared.Geo.SourceGen.csproj" />
  </Folder>
  <Folder Name="/packages/dotnet/error-codes/category/">
    <Project Path="packages/dotnet/error-codes/category/D2.Shared.ErrorCodes.Category.csproj" />
  </Folder>
  <Folder Name="/packages/dotnet/error-codes/category-source-gen/">
    <Project Path="packages/dotnet/error-codes/category-source-gen/D2.Shared.ErrorCodes.Category.SourceGen.csproj" />
  </Folder>
  <Folder Name="/packages/dotnet/error-codes/registry/">
    <Project Path="packages/dotnet/error-codes/registry/D2.Shared.ErrorCodes.Registry.csproj" />
  </Folder>
  <Folder Name="/packages/dotnet/error-codes/registry-source-gen/">
    <Project Path="packages/dotnet/error-codes/registry-source-gen/D2.Shared.ErrorCodes.Registry.SourceGen.csproj" />
  </Folder>
  <Folder Name="/packages/dotnet/logging/">
    <Project Path="packages/dotnet/logging/D2.Shared.Logging.csproj" />
  </Folder>
  <Folder Name="/packages/dotnet/messaging/abstractions/">
    <Project Path="packages/dotnet/messaging/abstractions/D2.Shared.Messaging.Abstractions.csproj" />
  </Folder>
  <Folder Name="/packages/dotnet/messaging/rabbitmq/">
    <Project Path="packages/dotnet/messaging/rabbitmq/D2.Shared.Messaging.RabbitMq.csproj" />
  </Folder>
  <Folder Name="/packages/dotnet/resilience/">
    <Project Path="packages/dotnet/resilience/D2.Shared.Resilience.csproj" />
  </Folder>
  <Folder Name="/packages/dotnet/result/core/">
    <Project Path="packages/dotnet/result/core/D2.Shared.Result.csproj" />
  </Folder>
  <Folder Name="/packages/dotnet/result/grpc/">
    <Project Path="packages/dotnet/result/grpc/D2.Shared.Result.Grpc.csproj" />
  </Folder>
  <Folder Name="/packages/dotnet/service-defaults/">
    <Project Path="packages/dotnet/service-defaults/D2.Shared.ServiceDefaults.csproj" />
  </Folder>
  <Folder Name="/packages/dotnet/telemetry/core/">
    <Project Path="packages/dotnet/telemetry/core/D2.Shared.Telemetry.csproj" />
  </Folder>
  <Folder Name="/packages/dotnet/time/">
    <Project Path="packages/dotnet/time/D2.Shared.Time.csproj" />
  </Folder>
  <Folder Name="/packages/dotnet/location/core/">
    <Project Path="packages/dotnet/location/core/D2.Shared.Location.csproj" />
  </Folder>
  <Folder Name="/packages/dotnet/location/entity-framework-core/">
    <Project Path="packages/dotnet/location/entity-framework-core/D2.Shared.Location.EntityFrameworkCore.csproj" />
  </Folder>
  <Folder Name="/packages/dotnet/data-governance/abstractions/">
    <Project Path="packages/dotnet/data-governance/abstractions/D2.Shared.DataGovernance.Abstractions.csproj" />
  </Folder>
  <Folder Name="/packages/dotnet/data-governance/entity-framework-core/">
    <Project Path="packages/dotnet/data-governance/entity-framework-core/D2.Shared.DataGovernance.EntityFrameworkCore.csproj" />
  </Folder>
  <Folder Name="/packages/dotnet/entity-framework-core/core/">
    <Project Path="packages/dotnet/entity-framework-core/core/D2.Shared.EntityFrameworkCore.csproj" />
  </Folder>
  <Folder Name="/packages/dotnet/entity-framework-core/postgres/">
    <Project Path="packages/dotnet/entity-framework-core/postgres/D2.Shared.EntityFrameworkCore.Postgres.csproj" />
  </Folder>
  <Folder Name="/packages/dotnet/entity-framework-core/locks-source-gen/">
    <Project Path="packages/dotnet/entity-framework-core/locks-source-gen/D2.Shared.AdvisoryLocks.SourceGen.csproj" />
  </Folder>
  <Folder Name="/packages/dotnet/validation/abstractions/">
    <Project Path="packages/dotnet/validation/abstractions/D2.Shared.Validation.Abstractions.csproj" />
  </Folder>
  <Folder Name="/packages/dotnet/validation/source-gen/">
    <Project Path="packages/dotnet/validation/source-gen/D2.Shared.Validation.SourceGen.csproj" />
  </Folder>
  <Folder Name="/packages/dotnet/validation/default/">
    <Project Path="packages/dotnet/validation/default/D2.Shared.Validation.csproj" />
  </Folder>
  <Folder Name="/packages/dotnet/contacts/core/">
    <Project Path="packages/dotnet/contacts/core/D2.Shared.Contacts.csproj" />
  </Folder>
  <Folder Name="/packages/dotnet/contacts/entity-framework-core/">
    <Project Path="packages/dotnet/contacts/entity-framework-core/D2.Shared.Contacts.EntityFrameworkCore.csproj" />
  </Folder>
  <Folder Name="/packages/dotnet/tests/">
    <Project Path="packages/dotnet/tests/D2.Shared.Tests.csproj" />
  </Folder>
  <Folder Name="/packages/dotnet/utilities/">
    <Project Path="packages/dotnet/utilities/D2.Shared.Utilities.csproj" />
  </Folder>
  <Folder Name="/packages/dotnet/workload-identity/">
    <Project Path="packages/dotnet/workload-identity/D2.Shared.WorkloadIdentity.csproj" />
  </Folder>
</Solution>
