<!--
Copyright (c) DCSV. All rights reserved.
-->
<Solution>
  <!--
    D²-WORX v2 solution (modern XML format, .NET 10).
    Projects are added here per V2 phasing (see docs/v2/PHASE_0.md while it exists).

    Phase 0 will populate this with the foundational shared libraries
    (D2.Shared.Handler, D2.Shared.Result, D2.Shared.Utilities, etc.).
  -->
  <Folder Name="/shared/" />
  <Folder Name="/shared/dotnet/" />
  <Folder Name="/shared/dotnet/result/">
    <Project Path="shared/dotnet/result/D2.Shared.Result.csproj" />
  </Folder>
  <Folder Name="/shared/dotnet/tests/">
    <Project Path="shared/dotnet/tests/D2.Shared.Tests.csproj" />
  </Folder>
</Solution>
